<?xml version="1.0" encoding="UTF-8" standalone="yes" ?>
<CodeBlocks_project_file>
	<FileVersion major="1" minor="6" />
	<Project>
		<Option title="pw3270" />
		<Option makefile_is_custom="1" />
		<Option execution_dir="." />
		<Option pch_mode="2" />
		<Option compiler="gcc" />
		<Build>
			<Target title="Debug">
				<Option output=".bin/Debug/pw3270" prefix_auto="1" extension_auto="1" />
				<Option object_output=".obj/Debug/" />
				<Option type="1" />
				<Option compiler="gcc" />
				<Option use_console_runner="0" />
				<Option parameters="--remap=./charsets/bracket.xml" />
				<Compiler>
					<Add option="-g" />
					<Add option="-DDEBUG=1" />
				</Compiler>
			</Target>
			<Target title="Release">
				<Option output=".bin/Release/pw3270" prefix_auto="1" extension_auto="1" />
				<Option object_output=".obj/Release/" />
				<Option type="0" />
				<Option compiler="gcc" />
				<Compiler>
					<Add option="-O2" />
				</Compiler>
				<Linker>
					<Add option="-s" />
				</Linker>
			</Target>
		</Build>
		<Compiler>
			<Add option="-Wall" />
			<Add option="`pkg-config gtk+-3.0 lib3270 --cflags`" />
			<Add directory="src/include" />
		</Compiler>
		<Linker>
			<Add option="`pkg-config gtk+-3.0 lib3270 --libs`" />
		</Linker>
		<Unit filename="Makefile.in" />
		<Unit filename="android/Makefile" />
		<Unit filename="android/jni/Android.mk" />
		<Unit filename="android/jni/globals.h" />
		<Unit filename="autogen.sh" />
		<Unit filename="configure.ac" />
		<Unit filename="man/man1/pw3270.1" />
		<Unit filename="src/classlib/Makefile.in" />
		<Unit filename="src/classlib/class.mak.in" />
		<Unit filename="src/include/config.h.in" />
		<Unit filename="src/include/plugin.mak.in" />
		<Unit filename="src/include/pw3270.h" />
		<Unit filename="src/include/pw3270/hllapi.h" />
		<Unit filename="src/include/pw3270/ipcpackets.h" />
		<Unit filename="src/include/pw3270/plugin.h" />
		<Unit filename="src/include/pw3270cpp.h" />
		<Unit filename="src/include/rules.mak.in" />
		<Unit filename="src/java/Makefile.in" />
		<Unit filename="src/lib3270/Makefile.in" />
		<Unit filename="src/lib3270/sources.mak" />
		<Unit filename="src/libpw3270cpp/exception.cc" />
		<Unit filename="src/libpw3270cpp/local.cc" />
		<Unit filename="src/libpw3270cpp/module.cc" />
		<Unit filename="src/libpw3270cpp/private.h" />
		<Unit filename="src/libpw3270cpp/remote.cc" />
		<Unit filename="src/libpw3270cpp/service.cc" />
		<Unit filename="src/libpw3270cpp/session.cc" />
		<Unit filename="src/libpw3270cpp/testprogram.cc" />
		<Unit filename="src/loffice/Makefile.in" />
		<Unit filename="src/loffice/description.txt" />
		<Unit filename="src/loffice/description.xml" />
		<Unit filename="src/loffice/description.xml.in" />
		<Unit filename="src/loffice/manifest.xml" />
		<Unit filename="src/loffice/manifest.xml.in" />
		<Unit filename="src/loffice/pw3270.idl" />
		<Unit filename="src/oxt/Makefile.in" />
		<Unit filename="src/oxt/description.txt" />
		<Unit filename="src/oxt/description.xml.in" />
		<Unit filename="src/oxt/manifest.xml.in" />
		<Unit filename="src/oxt/pw3270.idl" />
		<Unit filename="src/php/Makefile.in" />
		<Unit filename="src/php/php.ini" />
		<Unit filename="src/php/sample.php" />
		<Unit filename="src/plugins/dbus3270/Makefile.in" />
		<Unit filename="src/plugins/dbus3270/daemon.c">
			<Option compilerVar="CC" />
		</Unit>
		<Unit filename="src/plugins/dbus3270/gobject.c">
			<Option compilerVar="CC" />
		</Unit>
		<Unit filename="src/plugins/dbus3270/iocallback.c">
			<Option compilerVar="CC" />
		</Unit>
		<Unit filename="src/plugins/dbus3270/main.c">
			<Option compilerVar="CC" />
		</Unit>
		<Unit filename="src/plugins/dbus3270/misc.c">
			<Option compilerVar="CC" />
		</Unit>
		<Unit filename="src/plugins/dbus3270/pw3270dbus.xml" />
		<Unit filename="src/plugins/dbus3270/test.sh" />
		<Unit filename="src/plugins/hllapi/Makefile.in" />
		<Unit filename="src/plugins/hllapi/calls.cc" />
		<Unit filename="src/plugins/hllapi/hllapi.c">
			<Option compilerVar="CC" />
		</Unit>
		<Unit filename="src/plugins/hllapi/pluginmain.c">
			<Option compilerVar="CC" />
		</Unit>
		<Unit filename="src/plugins/hllapi/testprogram.c">
			<Option compilerVar="CC" />
		</Unit>
		<Unit filename="src/plugins/rx3270/Makefile.in" />
		<Unit filename="src/plugins/rx3270/pluginmain.cc" />
		<Unit filename="src/plugins/rx3270/rexx_methods.cc" />
		<Unit filename="src/plugins/rx3270/rx3270.cc" />
		<Unit filename="src/plugins/rx3270/rx3270.cls" />
		<Unit filename="src/plugins/rx3270/rxapimain.cc" />
		<Unit filename="src/plugins/rx3270/sample/charset.rex" />
		<Unit filename="src/plugins/rx3270/sample/clipboard.rex" />
		<Unit filename="src/plugins/rx3270/sample/object.rex" />
		<Unit filename="src/plugins/rx3270/sample/remote.rex" />
		<Unit filename="src/plugins/rx3270/typed_routines.cc" />
		<Unit filename="src/pw3270/Makefile.in" />
		<Unit filename="src/pw3270/actions.c">
			<Option compilerVar="CC" />
		</Unit>
		<Unit filename="src/pw3270/charset.c">
			<Option compilerVar="CC" />
		</Unit>
		<Unit filename="src/pw3270/colors.c">
			<Option compilerVar="CC" />
		</Unit>
		<Unit filename="src/pw3270/common/common.h" />
		<Unit filename="src/pw3270/common/config.c">
			<Option compilerVar="CC" />
		</Unit>
		<Unit filename="src/pw3270/common/sources.mak" />
		<Unit filename="src/pw3270/dialog.c">
			<Option compilerVar="CC" />
		</Unit>
		<Unit filename="src/pw3270/filetransfer.h" />
		<Unit filename="src/pw3270/fonts.c">
			<Option compilerVar="CC" />
		</Unit>
		<Unit filename="src/pw3270/ft/private.h" />
		<Unit filename="src/pw3270/ft/v3270ft.h" />
		<Unit filename="src/pw3270/hostdialog.c">
			<Option compilerVar="CC" />
		</Unit>
		<Unit filename="src/pw3270/include/v3270.h" />
		<Unit filename="src/pw3270/include/v3270ft.h" />
		<Unit filename="src/pw3270/linux/print.c">
			<Option compilerVar="CC" />
		</Unit>
		<Unit filename="src/pw3270/main.c">
			<Option compilerVar="CC" />
		</Unit>
		<Unit filename="src/pw3270/plugin.c">
			<Option compilerVar="CC" />
		</Unit>
		<Unit filename="src/pw3270/print.c">
			<Option compilerVar="CC" />
		</Unit>
		<Unit filename="src/pw3270/private.h" />
		<Unit filename="src/pw3270/resources.rc">
			<Option compilerVar="WINDRES" />
		</Unit>
		<Unit filename="src/pw3270/tools.c">
			<Option compilerVar="CC" />
		</Unit>
		<Unit filename="src/pw3270/uiparser/Makefile.in" />
		<Unit filename="src/pw3270/uiparser/accelerator.c">
			<Option compilerVar="CC" />
		</Unit>
		<Unit filename="src/pw3270/uiparser/action.c">
			<Option compilerVar="CC" />
		</Unit>
		<Unit filename="src/pw3270/uiparser/button.c">
			<Option compilerVar="CC" />
		</Unit>
		<Unit filename="src/pw3270/uiparser/keypad.c">
			<Option compilerVar="CC" />
		</Unit>
		<Unit filename="src/pw3270/uiparser/keypad.h" />
		<Unit filename="src/pw3270/uiparser/menu.c">
			<Option compilerVar="CC" />
		</Unit>
		<Unit filename="src/pw3270/uiparser/menubar.c">
			<Option compilerVar="CC" />
		</Unit>
		<Unit filename="src/pw3270/uiparser/menuitem.c">
			<Option compilerVar="CC" />
		</Unit>
		<Unit filename="src/pw3270/uiparser/parsefile.c">
			<Option compilerVar="CC" />
		</Unit>
		<Unit filename="src/pw3270/uiparser/parser.c">
			<Option compilerVar="CC" />
		</Unit>
		<Unit filename="src/pw3270/uiparser/parser.h" />
		<Unit filename="src/pw3270/uiparser/popup.c">
			<Option compilerVar="CC" />
		</Unit>
		<Unit filename="src/pw3270/uiparser/private.h" />
		<Unit filename="src/pw3270/uiparser/script.c">
			<Option compilerVar="CC" />
		</Unit>
		<Unit filename="src/pw3270/uiparser/scroll.c">
			<Option compilerVar="CC" />
		</Unit>
		<Unit filename="src/pw3270/uiparser/separator.c">
			<Option compilerVar="CC" />
		</Unit>
		<Unit filename="src/pw3270/uiparser/sources.mak" />
		<Unit filename="src/pw3270/uiparser/testprogram.c">
			<Option compilerVar="CC" />
		</Unit>
		<Unit filename="src/pw3270/uiparser/toolbar.c">
			<Option compilerVar="CC" />
		</Unit>
		<Unit filename="src/pw3270/uiparser/toolitem.c">
			<Option compilerVar="CC" />
		</Unit>
		<Unit filename="src/pw3270/v3270/genmarshal" />
		<Unit filename="src/pw3270/v3270/sources.mak" />
		<Unit filename="src/pw3270/v3270ft/Makefile.in" />
		<Unit filename="src/pw3270/v3270ft/genmarshal" />
		<Unit filename="src/pw3270/window.c">
			<Option compilerVar="CC" />
		</Unit>
		<Unit filename="src/pw3270/windows/print.c">
			<Option compilerVar="CC" />
		</Unit>
		<Unit filename="src/pw3270/windows/resources.rc.in" />
		<Unit filename="src/sample/Makefile.in" />
		<Unit filename="src/sample/connect.c">
			<Option compilerVar="CC" />
		</Unit>
		<Unit filename="src/tools/Makefile.in" />
		<Unit filename="ui/00default.xml" />
		<Unit filename="ui/10functions.xml" />
		<Unit filename="ui/10keypad.xml" />
		<Unit filename="ui/80rexx.xml" />
		<Unit filename="ui/98trace.xml" />
		<Unit filename="ui/99debug.xml" />
		<Unit filename="ui/xml2pot.c">
			<Option compilerVar="CC" />
		</Unit>
		<Unit filename="updateChangeLog.sh" />
		<Extensions>
			<code_completion />
			<debugger />
			<envvars set="default" />
			<DoxyBlocks>
				<comment_style block="0" line="0" />
				<doxyfile_project />
				<doxyfile_build />
				<doxyfile_warnings />
				<doxyfile_output />
				<doxyfile_dot />
				<general />
			</DoxyBlocks>
		</Extensions>
	</Project>
</CodeBlocks_project_file>
