<?xml version="1.0" encoding="UTF-8" standalone="yes" ?>
<CodeBlocks_project_file>
	<FileVersion major="1" minor="6" />
	<Project>
		<Option title="pw3270" />
		<Option makefile_is_custom="1" />
		<Option pch_mode="2" />
		<Option compiler="gcc" />
		<Build>
			<Target title="Debug">
				<Option output=".bin/Debug/pw3270" prefix_auto="1" extension_auto="1" />
				<Option object_output=".obj/Debug/" />
				<Option type="1" />
				<Option compiler="gcc" />
				<Option use_console_runner="0" />
				<Compiler>
					<Add option="-g" />
					<Add option="-DDEBUG=1" />
				</Compiler>
			</Target>
			<Target title="Release">
				<Option output=".bin/Release/pw3270" prefix_auto="1" extension_auto="1" />
				<Option object_output=".obj/Release/" />
				<Option type="0" />
				<Option compiler="gcc" />
				<Compiler>
					<Add option="-O2" />
				</Compiler>
				<Linker>
					<Add option="-s" />
				</Linker>
			</Target>
		</Build>
		<Compiler>
			<Add option="-Wall" />
			<Add option="`pkg-config gtk+-3.0 lib3270 --cflags`" />
			<Add directory="src/include" />
		</Compiler>
		<Linker>
			<Add option="`pkg-config gtk+-3.0 lib3270 --libs`" />
		</Linker>
		<Unit filename="Makefile.in" />
		<Unit filename="configure.ac" />
		<Unit filename="src/gtk/Makefile.in" />
		<Unit filename="src/gtk/actions.c">
			<Option compilerVar="CC" />
		</Unit>
		<Unit filename="src/gtk/common/common.h" />
		<Unit filename="src/gtk/common/config.c">
			<Option compilerVar="CC" />
		</Unit>
		<Unit filename="src/gtk/fonts.c">
			<Option compilerVar="CC" />
		</Unit>
		<Unit filename="src/gtk/globals.h" />
		<Unit filename="src/gtk/main.c">
			<Option compilerVar="CC" />
		</Unit>
		<Unit filename="src/gtk/mainwindow.c">
			<Option compilerVar="CC" />
		</Unit>
		<Unit filename="src/gtk/uiparser/accelerator.c">
			<Option compilerVar="CC" />
		</Unit>
		<Unit filename="src/gtk/uiparser/action.c">
			<Option compilerVar="CC" />
		</Unit>
		<Unit filename="src/gtk/uiparser/menu.c">
			<Option compilerVar="CC" />
		</Unit>
		<Unit filename="src/gtk/uiparser/menubar.c">
			<Option compilerVar="CC" />
		</Unit>
		<Unit filename="src/gtk/uiparser/menuitem.c">
			<Option compilerVar="CC" />
		</Unit>
		<Unit filename="src/gtk/uiparser/parsefile.c">
			<Option compilerVar="CC" />
		</Unit>
		<Unit filename="src/gtk/uiparser/parser.c">
			<Option compilerVar="CC" />
		</Unit>
		<Unit filename="src/gtk/uiparser/parser.h" />
		<Unit filename="src/gtk/uiparser/private.h" />
		<Unit filename="src/gtk/uiparser/separator.c">
			<Option compilerVar="CC" />
		</Unit>
		<Unit filename="src/gtk/uiparser/sources.mak" />
		<Unit filename="src/gtk/uiparser/testprogram.c">
			<Option compilerVar="CC" />
		</Unit>
		<Unit filename="src/gtk/uiparser/toolbar.c">
			<Option compilerVar="CC" />
		</Unit>
		<Unit filename="src/gtk/uiparser/toolitem.c">
			<Option compilerVar="CC" />
		</Unit>
		<Unit filename="src/gtk/v3270/draw.c">
			<Option compilerVar="CC" />
		</Unit>
		<Unit filename="src/gtk/v3270/genmarshal" />
		<Unit filename="src/gtk/v3270/iocallback.c">
			<Option compilerVar="CC" />
		</Unit>
		<Unit filename="src/gtk/v3270/keyboard.c">
			<Option compilerVar="CC" />
		</Unit>
		<Unit filename="src/gtk/v3270/mouse.c">
			<Option compilerVar="CC" />
		</Unit>
		<Unit filename="src/gtk/v3270/oia.c">
			<Option compilerVar="CC" />
		</Unit>
		<Unit filename="src/gtk/v3270/private.h" />
		<Unit filename="src/gtk/v3270/sources.mak" />
		<Unit filename="src/gtk/v3270/v3270.h" />
		<Unit filename="src/gtk/v3270/widget.c">
			<Option compilerVar="CC" />
		</Unit>
		<Unit filename="src/include/lib3270.h" />
		<Unit filename="src/include/lib3270/config.h.in" />
		<Unit filename="src/include/lib3270/log.h" />
		<Unit filename="src/include/lib3270/popup.h" />
		<Unit filename="src/include/lib3270/session.h" />
		<Unit filename="src/include/pw3270.h" />
		<Unit filename="src/include/rules.mak.in" />
		<Unit filename="src/lib3270/3270ds.h" />
		<Unit filename="src/lib3270/Makefile.in" />
		<Unit filename="src/lib3270/X11keysym.h" />
		<Unit filename="src/lib3270/XtGlue.c">
			<Option compilerVar="CC" />
		</Unit>
		<Unit filename="src/lib3270/actions.c">
			<Option compilerVar="CC" />
		</Unit>
		<Unit filename="src/lib3270/actionsc.h" />
		<Unit filename="src/lib3270/ansi.c">
			<Option compilerVar="CC" />
		</Unit>
		<Unit filename="src/lib3270/ansic.h" />
		<Unit filename="src/lib3270/api.h" />
		<Unit filename="src/lib3270/apl.c">
			<Option compilerVar="CC" />
		</Unit>
		<Unit filename="src/lib3270/aplc.h" />
		<Unit filename="src/lib3270/appres.h" />
		<Unit filename="src/lib3270/arpa_telnet.h" />
		<Unit filename="src/lib3270/cg.h" />
		<Unit filename="src/lib3270/charset.c">
			<Option compilerVar="CC" />
		</Unit>
		<Unit filename="src/lib3270/charsetc.h" />
		<Unit filename="src/lib3270/childc.h" />
		<Unit filename="src/lib3270/ctlr.c">
			<Option compilerVar="CC" />
		</Unit>
		<Unit filename="src/lib3270/ctlr.h" />
		<Unit filename="src/lib3270/ctlrc.h" />
		<Unit filename="src/lib3270/dialogc.h" />
		<Unit filename="src/lib3270/fallbacks.c">
			<Option compilerVar="CC" />
		</Unit>
		<Unit filename="src/lib3270/ft.c">
			<Option compilerVar="CC" />
		</Unit>
		<Unit filename="src/lib3270/ft_cut.c">
			<Option compilerVar="CC" />
		</Unit>
		<Unit filename="src/lib3270/ft_cut_ds.h" />
		<Unit filename="src/lib3270/ft_cutc.h" />
		<Unit filename="src/lib3270/ft_dft.c">
			<Option compilerVar="CC" />
		</Unit>
		<Unit filename="src/lib3270/ft_dft_ds.h" />
		<Unit filename="src/lib3270/ft_dftc.h" />
		<Unit filename="src/lib3270/ftc.h" />
		<Unit filename="src/lib3270/globals.h" />
		<Unit filename="src/lib3270/glue.c">
			<Option compilerVar="CC" />
		</Unit>
		<Unit filename="src/lib3270/gluec.h" />
		<Unit filename="src/lib3270/host.c">
			<Option compilerVar="CC" />
		</Unit>
		<Unit filename="src/lib3270/hostc.h" />
		<Unit filename="src/lib3270/icmdc.h" />
		<Unit filename="src/lib3270/keypadc.h" />
		<Unit filename="src/lib3270/kybd.c">
			<Option compilerVar="CC" />
		</Unit>
		<Unit filename="src/lib3270/kybdc.h" />
		<Unit filename="src/lib3270/localdefs.h" />
		<Unit filename="src/lib3270/log.c">
			<Option compilerVar="CC" />
		</Unit>
		<Unit filename="src/lib3270/macros.c">
			<Option compilerVar="CC" />
		</Unit>
		<Unit filename="src/lib3270/menubarc.h" />
		<Unit filename="src/lib3270/mkfb.c">
			<Option compilerVar="CC" />
		</Unit>
		<Unit filename="src/lib3270/objects.h" />
		<Unit filename="src/lib3270/paste.c">
			<Option compilerVar="CC" />
		</Unit>
		<Unit filename="src/lib3270/popupsc.h" />
		<Unit filename="src/lib3270/print.c">
			<Option compilerVar="CC" />
		</Unit>
		<Unit filename="src/lib3270/printc.h" />
		<Unit filename="src/lib3270/printer.c">
			<Option compilerVar="CC" />
		</Unit>
		<Unit filename="src/lib3270/printerc.h" />
		<Unit filename="src/lib3270/proxy.c">
			<Option compilerVar="CC" />
		</Unit>
		<Unit filename="src/lib3270/proxyc.h" />
		<Unit filename="src/lib3270/resolver.c">
			<Option compilerVar="CC" />
		</Unit>
		<Unit filename="src/lib3270/resolverc.h" />
		<Unit filename="src/lib3270/resources.c">
			<Option compilerVar="CC" />
		</Unit>
		<Unit filename="src/lib3270/resources.h" />
		<Unit filename="src/lib3270/rpq.c">
			<Option compilerVar="CC" />
		</Unit>
		<Unit filename="src/lib3270/savec.h" />
		<Unit filename="src/lib3270/screen.c">
			<Option compilerVar="CC" />
		</Unit>
		<Unit filename="src/lib3270/screen.h" />
		<Unit filename="src/lib3270/screenc.h" />
		<Unit filename="src/lib3270/scrollc.h" />
		<Unit filename="src/lib3270/see.c">
			<Option compilerVar="CC" />
		</Unit>
		<Unit filename="src/lib3270/seec.h" />
		<Unit filename="src/lib3270/selectc.h" />
		<Unit filename="src/lib3270/sf.c">
			<Option compilerVar="CC" />
		</Unit>
		<Unit filename="src/lib3270/sfc.h" />
		<Unit filename="src/lib3270/shlobj_missing.h" />
		<Unit filename="src/lib3270/statusc.h" />
		<Unit filename="src/lib3270/tables.c">
			<Option compilerVar="CC" />
		</Unit>
		<Unit filename="src/lib3270/tablesc.h" />
		<Unit filename="src/lib3270/telnet.c">
			<Option compilerVar="CC" />
		</Unit>
		<Unit filename="src/lib3270/telnetc.h" />
		<Unit filename="src/lib3270/testprogram.c">
			<Option compilerVar="CC" />
		</Unit>
		<Unit filename="src/lib3270/tn3270e.h" />
		<Unit filename="src/lib3270/toggle.h" />
		<Unit filename="src/lib3270/toggles.c">
			<Option compilerVar="CC" />
		</Unit>
		<Unit filename="src/lib3270/togglesc.h" />
		<Unit filename="src/lib3270/trace_ds.c">
			<Option compilerVar="CC" />
		</Unit>
		<Unit filename="src/lib3270/trace_dsc.h" />
		<Unit filename="src/lib3270/utf8.c">
			<Option compilerVar="CC" />
		</Unit>
		<Unit filename="src/lib3270/utf8c.h" />
		<Unit filename="src/lib3270/util.c">
			<Option compilerVar="CC" />
		</Unit>
		<Unit filename="src/lib3270/utilc.h" />
		<Unit filename="src/lib3270/version.c">
			<Option compilerVar="CC" />
		</Unit>
		<Unit filename="src/lib3270/w3misc.c">
			<Option compilerVar="CC" />
		</Unit>
		<Unit filename="src/lib3270/w3miscc.h" />
		<Unit filename="src/lib3270/widec.h" />
		<Unit filename="src/lib3270/winvers.c">
			<Option compilerVar="CC" />
		</Unit>
		<Unit filename="src/lib3270/winversc.h" />
		<Unit filename="src/lib3270/xio.c">
			<Option compilerVar="CC" />
		</Unit>
		<Unit filename="src/lib3270/xioc.h" />
		<Unit filename="src/lib3270/xl.h" />
		<Unit filename="valgrind.suppression" />
		<Extensions>
			<code_completion />
			<debugger />
			<envvars />
		</Extensions>
	</Project>
</CodeBlocks_project_file>
