// !$*UTF8*$!
{
	archiveVersion = 1;
	classes = {
	};
	objectVersion = 46;
	objects = {

/* Begin PBXFileReference section */
		C272066315D7F88300CCCD22 /* configure.ac */ = {isa = PBXFileReference; fileEncoding = 4; lastKnownFileType = text; path = configure.ac; sourceTree = "<group>"; };
		C272066715D7FBF700CCCD22 /* action_table.h */ = {isa = PBXFileReference; fileEncoding = 4; lastKnownFileType = sourcecode.c.h; path = action_table.h; sourceTree = "<group>"; };
		C272066815D7FBF700CCCD22 /* actions.h */ = {isa = PBXFileReference; fileEncoding = 4; lastKnownFileType = sourcecode.c.h; path = actions.h; sourceTree = "<group>"; };
		C272066915D7FBF700CCCD22 /* config.h */ = {isa = PBXFileReference; fileEncoding = 4; lastKnownFileType = sourcecode.c.h; path = config.h; sourceTree = "<group>"; };
		C272066A15D7FBF700CCCD22 /* config.h.in */ = {isa = PBXFileReference; fileEncoding = 4; lastKnownFileType = text; path = config.h.in; sourceTree = "<group>"; };
		C272066B15D7FBF700CCCD22 /* filetransfer.h */ = {isa = PBXFileReference; fileEncoding = 4; lastKnownFileType = sourcecode.c.h; path = filetransfer.h; sourceTree = "<group>"; };
		C272066C15D7FBF700CCCD22 /* html.h */ = {isa = PBXFileReference; fileEncoding = 4; lastKnownFileType = sourcecode.c.h; path = html.h; sourceTree = "<group>"; };
		C272066D15D7FBF700CCCD22 /* internals.h */ = {isa = PBXFileReference; fileEncoding = 4; lastKnownFileType = sourcecode.c.h; path = internals.h; sourceTree = "<group>"; };
		C272066E15D7FBF700CCCD22 /* log.h */ = {isa = PBXFileReference; fileEncoding = 4; lastKnownFileType = sourcecode.c.h; path = log.h; sourceTree = "<group>"; };
		C272066F15D7FBF700CCCD22 /* macros.h */ = {isa = PBXFileReference; fileEncoding = 4; lastKnownFileType = sourcecode.c.h; path = macros.h; sourceTree = "<group>"; };
		C272067015D7FBF700CCCD22 /* popup.h */ = {isa = PBXFileReference; fileEncoding = 4; lastKnownFileType = sourcecode.c.h; path = popup.h; sourceTree = "<group>"; };
		C272067115D7FBF700CCCD22 /* selection.h */ = {isa = PBXFileReference; fileEncoding = 4; lastKnownFileType = sourcecode.c.h; path = selection.h; sourceTree = "<group>"; };
		C272067215D7FBF700CCCD22 /* session.h */ = {isa = PBXFileReference; fileEncoding = 4; lastKnownFileType = sourcecode.c.h; path = session.h; sourceTree = "<group>"; };
		C272067315D7FBF700CCCD22 /* stamp-h1 */ = {isa = PBXFileReference; fileEncoding = 4; lastKnownFileType = text; path = "stamp-h1"; sourceTree = "<group>"; };
		C272067415D7FBF700CCCD22 /* trace.h */ = {isa = PBXFileReference; fileEncoding = 4; lastKnownFileType = sourcecode.c.h; path = trace.h; sourceTree = "<group>"; };
		C272067515D7FBF700CCCD22 /* lib3270.h */ = {isa = PBXFileReference; fileEncoding = 4; lastKnownFileType = sourcecode.c.h; path = lib3270.h; sourceTree = "<group>"; };
		C272067715D7FBF700CCCD22 /* pw3270.h */ = {isa = PBXFileReference; fileEncoding = 4; lastKnownFileType = sourcecode.c.h; path = pw3270.h; sourceTree = "<group>"; };
		C272067815D7FBF700CCCD22 /* rules.mak */ = {isa = PBXFileReference; fileEncoding = 4; lastKnownFileType = sourcecode.make; path = rules.mak; sourceTree = "<group>"; };
		C272067915D7FBF700CCCD22 /* rules.mak.in */ = {isa = PBXFileReference; fileEncoding = 4; lastKnownFileType = text; path = rules.mak.in; sourceTree = "<group>"; };
		C272067A15D7FBF700CCCD22 /* v3270.h */ = {isa = PBXFileReference; fileEncoding = 4; lastKnownFileType = sourcecode.c.h; path = v3270.h; sourceTree = "<group>"; };
		C272067D15D7FBF700CCCD22 /* mkfb */ = {isa = PBXFileReference; lastKnownFileType = "compiled.mach-o.executable"; path = mkfb; sourceTree = "<group>"; };
		C272067E15D7FBF700CCCD22 /* mkfb.dSYM */ = {isa = PBXFileReference; lastKnownFileType = wrapper.dsym; path = mkfb.dSYM; sourceTree = "<group>"; };
		C272068115D7FBF700CCCD22 /* ansi.o */ = {isa = PBXFileReference; lastKnownFileType = "compiled.mach-o.objfile"; path = ansi.o; sourceTree = "<group>"; };
		C272068215D7FBF700CCCD22 /* bounds.o */ = {isa = PBXFileReference; lastKnownFileType = "compiled.mach-o.objfile"; path = bounds.o; sourceTree = "<group>"; };
		C272068315D7FBF700CCCD22 /* charset.o */ = {isa = PBXFileReference; lastKnownFileType = "compiled.mach-o.objfile"; path = charset.o; sourceTree = "<group>"; };
		C272068415D7FBF700CCCD22 /* ctlr.o */ = {isa = PBXFileReference; lastKnownFileType = "compiled.mach-o.objfile"; path = ctlr.o; sourceTree = "<group>"; };
		C272068515D7FBF700CCCD22 /* fallbacks.o */ = {isa = PBXFileReference; lastKnownFileType = "compiled.mach-o.objfile"; path = fallbacks.o; sourceTree = "<group>"; };
		C272068615D7FBF700CCCD22 /* ft.o */ = {isa = PBXFileReference; lastKnownFileType = "compiled.mach-o.objfile"; path = ft.o; sourceTree = "<group>"; };
		C272068715D7FBF700CCCD22 /* ft_cut.o */ = {isa = PBXFileReference; lastKnownFileType = "compiled.mach-o.objfile"; path = ft_cut.o; sourceTree = "<group>"; };
		C272068815D7FBF700CCCD22 /* ft_dft.o */ = {isa = PBXFileReference; lastKnownFileType = "compiled.mach-o.objfile"; path = ft_dft.o; sourceTree = "<group>"; };
		C272068915D7FBF700CCCD22 /* glue.o */ = {isa = PBXFileReference; lastKnownFileType = "compiled.mach-o.objfile"; path = glue.o; sourceTree = "<group>"; };
		C272068A15D7FBF700CCCD22 /* host.o */ = {isa = PBXFileReference; lastKnownFileType = "compiled.mach-o.objfile"; path = host.o; sourceTree = "<group>"; };
		C272068B15D7FBF700CCCD22 /* html.o */ = {isa = PBXFileReference; lastKnownFileType = "compiled.mach-o.objfile"; path = html.o; sourceTree = "<group>"; };
		C272068C15D7FBF700CCCD22 /* iocalls.o */ = {isa = PBXFileReference; lastKnownFileType = "compiled.mach-o.objfile"; path = iocalls.o; sourceTree = "<group>"; };
		C272068D15D7FBF700CCCD22 /* kybd.o */ = {isa = PBXFileReference; lastKnownFileType = "compiled.mach-o.objfile"; path = kybd.o; sourceTree = "<group>"; };
		C272068E15D7FBF700CCCD22 /* log.o */ = {isa = PBXFileReference; lastKnownFileType = "compiled.mach-o.objfile"; path = log.o; sourceTree = "<group>"; };
		C272068F15D7FBF700CCCD22 /* macros.o */ = {isa = PBXFileReference; lastKnownFileType = "compiled.mach-o.objfile"; path = macros.o; sourceTree = "<group>"; };
		C272069015D7FBF700CCCD22 /* paste.o */ = {isa = PBXFileReference; lastKnownFileType = "compiled.mach-o.objfile"; path = paste.o; sourceTree = "<group>"; };
		C272069115D7FBF700CCCD22 /* proxy.o */ = {isa = PBXFileReference; lastKnownFileType = "compiled.mach-o.objfile"; path = proxy.o; sourceTree = "<group>"; };
		C272069215D7FBF700CCCD22 /* resolver.o */ = {isa = PBXFileReference; lastKnownFileType = "compiled.mach-o.objfile"; path = resolver.o; sourceTree = "<group>"; };
		C272069315D7FBF700CCCD22 /* resources.o */ = {isa = PBXFileReference; lastKnownFileType = "compiled.mach-o.objfile"; path = resources.o; sourceTree = "<group>"; };
		C272069415D7FBF700CCCD22 /* rpq.o */ = {isa = PBXFileReference; lastKnownFileType = "compiled.mach-o.objfile"; path = rpq.o; sourceTree = "<group>"; };
		C272069515D7FBF700CCCD22 /* screen.o */ = {isa = PBXFileReference; lastKnownFileType = "compiled.mach-o.objfile"; path = screen.o; sourceTree = "<group>"; };
		C272069615D7FBF700CCCD22 /* see.o */ = {isa = PBXFileReference; lastKnownFileType = "compiled.mach-o.objfile"; path = see.o; sourceTree = "<group>"; };
		C272069715D7FBF700CCCD22 /* selection.o */ = {isa = PBXFileReference; lastKnownFileType = "compiled.mach-o.objfile"; path = selection.o; sourceTree = "<group>"; };
		C272069815D7FBF700CCCD22 /* session.o */ = {isa = PBXFileReference; lastKnownFileType = "compiled.mach-o.objfile"; path = session.o; sourceTree = "<group>"; };
		C272069915D7FBF700CCCD22 /* sf.o */ = {isa = PBXFileReference; lastKnownFileType = "compiled.mach-o.objfile"; path = sf.o; sourceTree = "<group>"; };
		C272069A15D7FBF700CCCD22 /* state.o */ = {isa = PBXFileReference; lastKnownFileType = "compiled.mach-o.objfile"; path = state.o; sourceTree = "<group>"; };
		C272069B15D7FBF700CCCD22 /* tables.o */ = {isa = PBXFileReference; lastKnownFileType = "compiled.mach-o.objfile"; path = tables.o; sourceTree = "<group>"; };
		C272069C15D7FBF700CCCD22 /* telnet.o */ = {isa = PBXFileReference; lastKnownFileType = "compiled.mach-o.objfile"; path = telnet.o; sourceTree = "<group>"; };
		C272069D15D7FBF700CCCD22 /* toggles.o */ = {isa = PBXFileReference; lastKnownFileType = "compiled.mach-o.objfile"; path = toggles.o; sourceTree = "<group>"; };
		C272069E15D7FBF700CCCD22 /* trace_ds.o */ = {isa = PBXFileReference; lastKnownFileType = "compiled.mach-o.objfile"; path = trace_ds.o; sourceTree = "<group>"; };
		C272069F15D7FBF700CCCD22 /* utf8.o */ = {isa = PBXFileReference; lastKnownFileType = "compiled.mach-o.objfile"; path = utf8.o; sourceTree = "<group>"; };
		C27206A015D7FBF700CCCD22 /* util.o */ = {isa = PBXFileReference; lastKnownFileType = "compiled.mach-o.objfile"; path = util.o; sourceTree = "<group>"; };
		C27206A115D7FBF700CCCD22 /* version.o */ = {isa = PBXFileReference; lastKnownFileType = "compiled.mach-o.objfile"; path = version.o; sourceTree = "<group>"; };
		C27206A215D7FBF700CCCD22 /* 3270ds.h */ = {isa = PBXFileReference; fileEncoding = 4; lastKnownFileType = sourcecode.c.h; path = 3270ds.h; sourceTree = "<group>"; };
		C27206A315D7FBF700CCCD22 /* actions.c */ = {isa = PBXFileReference; fileEncoding = 4; lastKnownFileType = sourcecode.c.c; path = actions.c; sourceTree = "<group>"; };
		C27206A415D7FBF700CCCD22 /* actionsc.h */ = {isa = PBXFileReference; fileEncoding = 4; lastKnownFileType = sourcecode.c.h; path = actionsc.h; sourceTree = "<group>"; };
		C27206A515D7FBF700CCCD22 /* ansi.c */ = {isa = PBXFileReference; fileEncoding = 4; lastKnownFileType = sourcecode.c.c; path = ansi.c; sourceTree = "<group>"; };
		C27206A615D7FBF700CCCD22 /* ansic.h */ = {isa = PBXFileReference; fileEncoding = 4; lastKnownFileType = sourcecode.c.h; path = ansic.h; sourceTree = "<group>"; };
		C27206A715D7FBF700CCCD22 /* api.h */ = {isa = PBXFileReference; fileEncoding = 4; lastKnownFileType = sourcecode.c.h; path = api.h; sourceTree = "<group>"; };
		C27206A815D7FBF700CCCD22 /* apl.c */ = {isa = PBXFileReference; fileEncoding = 4; lastKnownFileType = sourcecode.c.c; path = apl.c; sourceTree = "<group>"; };
		C27206A915D7FBF700CCCD22 /* aplc.h */ = {isa = PBXFileReference; fileEncoding = 4; lastKnownFileType = sourcecode.c.h; path = aplc.h; sourceTree = "<group>"; };
		C27206AA15D7FBF700CCCD22 /* appres.h */ = {isa = PBXFileReference; fileEncoding = 4; lastKnownFileType = sourcecode.c.h; path = appres.h; sourceTree = "<group>"; };
		C27206AB15D7FBF700CCCD22 /* arpa_telnet.h */ = {isa = PBXFileReference; fileEncoding = 4; lastKnownFileType = sourcecode.c.h; path = arpa_telnet.h; sourceTree = "<group>"; };
		C27206AC15D7FBF700CCCD22 /* bounds.c */ = {isa = PBXFileReference; fileEncoding = 4; lastKnownFileType = sourcecode.c.c; path = bounds.c; sourceTree = "<group>"; };
		C27206AD15D7FBF700CCCD22 /* cg.h */ = {isa = PBXFileReference; fileEncoding = 4; lastKnownFileType = sourcecode.c.h; path = cg.h; sourceTree = "<group>"; };
		C27206AE15D7FBF700CCCD22 /* charset.c */ = {isa = PBXFileReference; fileEncoding = 4; lastKnownFileType = sourcecode.c.c; path = charset.c; sourceTree = "<group>"; };
		C27206AF15D7FBF700CCCD22 /* charsetc.h */ = {isa = PBXFileReference; fileEncoding = 4; lastKnownFileType = sourcecode.c.h; path = charsetc.h; sourceTree = "<group>"; };
		C27206B015D7FBF700CCCD22 /* childc.h */ = {isa = PBXFileReference; fileEncoding = 4; lastKnownFileType = sourcecode.c.h; path = childc.h; sourceTree = "<group>"; };
		C27206B115D7FBF700CCCD22 /* ctlr.c */ = {isa = PBXFileReference; fileEncoding = 4; lastKnownFileType = sourcecode.c.c; path = ctlr.c; sourceTree = "<group>"; };
		C27206B215D7FBF700CCCD22 /* ctlrc.h */ = {isa = PBXFileReference; fileEncoding = 4; lastKnownFileType = sourcecode.c.h; path = ctlrc.h; sourceTree = "<group>"; };
		C27206B315D7FBF700CCCD22 /* fallbacks.c */ = {isa = PBXFileReference; fileEncoding = 4; lastKnownFileType = sourcecode.c.c; path = fallbacks.c; sourceTree = "<group>"; };
		C27206B415D7FBF700CCCD22 /* ft.c */ = {isa = PBXFileReference; fileEncoding = 4; lastKnownFileType = sourcecode.c.c; path = ft.c; sourceTree = "<group>"; };
		C27206B515D7FBF700CCCD22 /* ft_cut.c */ = {isa = PBXFileReference; fileEncoding = 4; lastKnownFileType = sourcecode.c.c; path = ft_cut.c; sourceTree = "<group>"; };
		C27206B615D7FBF700CCCD22 /* ft_cut_ds.h */ = {isa = PBXFileReference; fileEncoding = 4; lastKnownFileType = sourcecode.c.h; path = ft_cut_ds.h; sourceTree = "<group>"; };
		C27206B715D7FBF700CCCD22 /* ft_cutc.h */ = {isa = PBXFileReference; fileEncoding = 4; lastKnownFileType = sourcecode.c.h; path = ft_cutc.h; sourceTree = "<group>"; };
		C27206B815D7FBF700CCCD22 /* ft_dft.c */ = {isa = PBXFileReference; fileEncoding = 4; lastKnownFileType = sourcecode.c.c; path = ft_dft.c; sourceTree = "<group>"; };
		C27206B915D7FBF700CCCD22 /* ft_dft_ds.h */ = {isa = PBXFileReference; fileEncoding = 4; lastKnownFileType = sourcecode.c.h; path = ft_dft_ds.h; sourceTree = "<group>"; };
		C27206BA15D7FBF700CCCD22 /* ft_dftc.h */ = {isa = PBXFileReference; fileEncoding = 4; lastKnownFileType = sourcecode.c.h; path = ft_dftc.h; sourceTree = "<group>"; };
		C27206BB15D7FBF700CCCD22 /* ftc.h */ = {isa = PBXFileReference; fileEncoding = 4; lastKnownFileType = sourcecode.c.h; path = ftc.h; sourceTree = "<group>"; };
		C27206BC15D7FBF700CCCD22 /* globals.h */ = {isa = PBXFileReference; fileEncoding = 4; lastKnownFileType = sourcecode.c.h; path = globals.h; sourceTree = "<group>"; };
		C27206BD15D7FBF700CCCD22 /* glue.c */ = {isa = PBXFileReference; fileEncoding = 4; lastKnownFileType = sourcecode.c.c; path = glue.c; sourceTree = "<group>"; };
		C27206BE15D7FBF700CCCD22 /* gluec.h */ = {isa = PBXFileReference; fileEncoding = 4; lastKnownFileType = sourcecode.c.h; path = gluec.h; sourceTree = "<group>"; };
		C27206BF15D7FBF700CCCD22 /* host.c */ = {isa = PBXFileReference; fileEncoding = 4; lastKnownFileType = sourcecode.c.c; path = host.c; sourceTree = "<group>"; };
		C27206C015D7FBF700CCCD22 /* hostc.h */ = {isa = PBXFileReference; fileEncoding = 4; lastKnownFileType = sourcecode.c.h; path = hostc.h; sourceTree = "<group>"; };
		C27206C115D7FBF700CCCD22 /* html.c */ = {isa = PBXFileReference; fileEncoding = 4; lastKnownFileType = sourcecode.c.c; path = html.c; sourceTree = "<group>"; };
		C27206C215D7FBF700CCCD22 /* icmdc.h */ = {isa = PBXFileReference; fileEncoding = 4; lastKnownFileType = sourcecode.c.h; path = icmdc.h; sourceTree = "<group>"; };
		C27206C315D7FBF700CCCD22 /* iocalls.c */ = {isa = PBXFileReference; fileEncoding = 4; lastKnownFileType = sourcecode.c.c; path = iocalls.c; sourceTree = "<group>"; };
		C27206C415D7FBF700CCCD22 /* keypadc.h */ = {isa = PBXFileReference; fileEncoding = 4; lastKnownFileType = sourcecode.c.h; path = keypadc.h; sourceTree = "<group>"; };
		C27206C515D7FBF700CCCD22 /* kybd.c */ = {isa = PBXFileReference; fileEncoding = 4; lastKnownFileType = sourcecode.c.c; path = kybd.c; sourceTree = "<group>"; };
		C27206C615D7FBF700CCCD22 /* kybdc.h */ = {isa = PBXFileReference; fileEncoding = 4; lastKnownFileType = sourcecode.c.h; path = kybdc.h; sourceTree = "<group>"; };
		C27206C715D7FBF700CCCD22 /* lib3270.cbp */ = {isa = PBXFileReference; fileEncoding = 4; lastKnownFileType = text.xml; path = lib3270.cbp; sourceTree = "<group>"; };
		C27206C815D7FBF700CCCD22 /* localdefs.h */ = {isa = PBXFileReference; fileEncoding = 4; lastKnownFileType = sourcecode.c.h; path = localdefs.h; sourceTree = "<group>"; };
		C27206C915D7FBF700CCCD22 /* log.c */ = {isa = PBXFileReference; fileEncoding = 4; lastKnownFileType = sourcecode.c.c; path = log.c; sourceTree = "<group>"; };
		C27206CA15D7FBF700CCCD22 /* macros.c */ = {isa = PBXFileReference; fileEncoding = 4; lastKnownFileType = sourcecode.c.c; path = macros.c; sourceTree = "<group>"; };
		C27206CB15D7FBF700CCCD22 /* Makefile */ = {isa = PBXFileReference; fileEncoding = 4; lastKnownFileType = sourcecode.make; path = Makefile; sourceTree = "<group>"; };
		C27206CC15D7FBF700CCCD22 /* Makefile.in */ = {isa = PBXFileReference; fileEncoding = 4; lastKnownFileType = text; path = Makefile.in; sourceTree = "<group>"; };
		C27206CD15D7FBF700CCCD22 /* mkfb.c */ = {isa = PBXFileReference; fileEncoding = 4; lastKnownFileType = sourcecode.c.c; path = mkfb.c; sourceTree = "<group>"; };
		C27206CE15D7FBF700CCCD22 /* mkversion.sh */ = {isa = PBXFileReference; fileEncoding = 4; lastKnownFileType = text.script.sh; path = mkversion.sh; sourceTree = "<group>"; };
		C27206CF15D7FBF700CCCD22 /* mkversion.sh.in */ = {isa = PBXFileReference; fileEncoding = 4; lastKnownFileType = text.script.sh; path = mkversion.sh.in; sourceTree = "<group>"; };
		C27206D015D7FBF700CCCD22 /* objects.h */ = {isa = PBXFileReference; fileEncoding = 4; lastKnownFileType = sourcecode.c.h; path = objects.h; sourceTree = "<group>"; };
		C27206D115D7FBF700CCCD22 /* paste.c */ = {isa = PBXFileReference; fileEncoding = 4; lastKnownFileType = sourcecode.c.c; path = paste.c; sourceTree = "<group>"; };
		C27206D215D7FBF700CCCD22 /* popupsc.h */ = {isa = PBXFileReference; fileEncoding = 4; lastKnownFileType = sourcecode.c.h; path = popupsc.h; sourceTree = "<group>"; };
		C27206D315D7FBF700CCCD22 /* print.c */ = {isa = PBXFileReference; fileEncoding = 4; lastKnownFileType = sourcecode.c.c; path = print.c; sourceTree = "<group>"; };
		C27206D415D7FBF700CCCD22 /* printc.h */ = {isa = PBXFileReference; fileEncoding = 4; lastKnownFileType = sourcecode.c.h; path = printc.h; sourceTree = "<group>"; };
		C27206D515D7FBF700CCCD22 /* printer.c */ = {isa = PBXFileReference; fileEncoding = 4; lastKnownFileType = sourcecode.c.c; path = printer.c; sourceTree = "<group>"; };
		C27206D615D7FBF700CCCD22 /* printerc.h */ = {isa = PBXFileReference; fileEncoding = 4; lastKnownFileType = sourcecode.c.h; path = printerc.h; sourceTree = "<group>"; };
		C27206D715D7FBF700CCCD22 /* proxy.c */ = {isa = PBXFileReference; fileEncoding = 4; lastKnownFileType = sourcecode.c.c; path = proxy.c; sourceTree = "<group>"; };
		C27206D815D7FBF700CCCD22 /* proxyc.h */ = {isa = PBXFileReference; fileEncoding = 4; lastKnownFileType = sourcecode.c.h; path = proxyc.h; sourceTree = "<group>"; };
		C27206D915D7FBF700CCCD22 /* resolver.c */ = {isa = PBXFileReference; fileEncoding = 4; lastKnownFileType = sourcecode.c.c; path = resolver.c; sourceTree = "<group>"; };
		C27206DA15D7FBF700CCCD22 /* resolverc.h */ = {isa = PBXFileReference; fileEncoding = 4; lastKnownFileType = sourcecode.c.h; path = resolverc.h; sourceTree = "<group>"; };
		C27206DB15D7FBF700CCCD22 /* resources.c */ = {isa = PBXFileReference; fileEncoding = 4; lastKnownFileType = sourcecode.c.c; path = resources.c; sourceTree = "<group>"; };
		C27206DC15D7FBF700CCCD22 /* resources.h */ = {isa = PBXFileReference; fileEncoding = 4; lastKnownFileType = sourcecode.c.h; path = resources.h; sourceTree = "<group>"; };
		C27206DD15D7FBF700CCCD22 /* rpq.c */ = {isa = PBXFileReference; fileEncoding = 4; lastKnownFileType = sourcecode.c.c; path = rpq.c; sourceTree = "<group>"; };
		C27206DE15D7FBF700CCCD22 /* savec.h */ = {isa = PBXFileReference; fileEncoding = 4; lastKnownFileType = sourcecode.c.h; path = savec.h; sourceTree = "<group>"; };
		C27206DF15D7FBF700CCCD22 /* screen.c */ = {isa = PBXFileReference; fileEncoding = 4; lastKnownFileType = sourcecode.c.c; path = screen.c; sourceTree = "<group>"; };
		C27206E015D7FBF700CCCD22 /* screen.h */ = {isa = PBXFileReference; fileEncoding = 4; lastKnownFileType = sourcecode.c.h; path = screen.h; sourceTree = "<group>"; };
		C27206E115D7FBF700CCCD22 /* screenc.h */ = {isa = PBXFileReference; fileEncoding = 4; lastKnownFileType = sourcecode.c.h; path = screenc.h; sourceTree = "<group>"; };
		C27206E215D7FBF700CCCD22 /* scrollc.h */ = {isa = PBXFileReference; fileEncoding = 4; lastKnownFileType = sourcecode.c.h; path = scrollc.h; sourceTree = "<group>"; };
		C27206E315D7FBF700CCCD22 /* see.c */ = {isa = PBXFileReference; fileEncoding = 4; lastKnownFileType = sourcecode.c.c; path = see.c; sourceTree = "<group>"; };
		C27206E415D7FBF700CCCD22 /* seec.h */ = {isa = PBXFileReference; fileEncoding = 4; lastKnownFileType = sourcecode.c.h; path = seec.h; sourceTree = "<group>"; };
		C27206E515D7FBF700CCCD22 /* selection.c */ = {isa = PBXFileReference; fileEncoding = 4; lastKnownFileType = sourcecode.c.c; path = selection.c; sourceTree = "<group>"; };
		C27206E615D7FBF700CCCD22 /* session.c */ = {isa = PBXFileReference; fileEncoding = 4; lastKnownFileType = sourcecode.c.c; path = session.c; sourceTree = "<group>"; };
		C27206E715D7FBF700CCCD22 /* sf.c */ = {isa = PBXFileReference; fileEncoding = 4; lastKnownFileType = sourcecode.c.c; path = sf.c; sourceTree = "<group>"; };
		C27206E815D7FBF700CCCD22 /* sf.h */ = {isa = PBXFileReference; fileEncoding = 4; lastKnownFileType = sourcecode.c.h; path = sf.h; sourceTree = "<group>"; };
		C27206E915D7FBF700CCCD22 /* shlobj_missing.h */ = {isa = PBXFileReference; fileEncoding = 4; lastKnownFileType = sourcecode.c.h; path = shlobj_missing.h; sourceTree = "<group>"; };
		C27206EA15D7FBF700CCCD22 /* sources.mak */ = {isa = PBXFileReference; fileEncoding = 4; lastKnownFileType = sourcecode.make; path = sources.mak; sourceTree = "<group>"; };
		C27206EB15D7FBF700CCCD22 /* state.c */ = {isa = PBXFileReference; fileEncoding = 4; lastKnownFileType = sourcecode.c.c; path = state.c; sourceTree = "<group>"; };
		C27206EC15D7FBF700CCCD22 /* statusc.h */ = {isa = PBXFileReference; fileEncoding = 4; lastKnownFileType = sourcecode.c.h; path = statusc.h; sourceTree = "<group>"; };
		C27206ED15D7FBF700CCCD22 /* tables.c */ = {isa = PBXFileReference; fileEncoding = 4; lastKnownFileType = sourcecode.c.c; path = tables.c; sourceTree = "<group>"; };
		C27206EE15D7FBF700CCCD22 /* tablesc.h */ = {isa = PBXFileReference; fileEncoding = 4; lastKnownFileType = sourcecode.c.h; path = tablesc.h; sourceTree = "<group>"; };
		C27206EF15D7FBF700CCCD22 /* telnet.c */ = {isa = PBXFileReference; fileEncoding = 4; lastKnownFileType = sourcecode.c.c; path = telnet.c; sourceTree = "<group>"; };
		C27206F015D7FBF700CCCD22 /* telnetc.h */ = {isa = PBXFileReference; fileEncoding = 4; lastKnownFileType = sourcecode.c.h; path = telnetc.h; sourceTree = "<group>"; };
		C27206F115D7FBF700CCCD22 /* testprogram.c */ = {isa = PBXFileReference; fileEncoding = 4; lastKnownFileType = sourcecode.c.c; path = testprogram.c; sourceTree = "<group>"; };
		C27206F215D7FBF700CCCD22 /* tn3270e.h */ = {isa = PBXFileReference; fileEncoding = 4; lastKnownFileType = sourcecode.c.h; path = tn3270e.h; sourceTree = "<group>"; };
		C27206F315D7FBF700CCCD22 /* toggle.h */ = {isa = PBXFileReference; fileEncoding = 4; lastKnownFileType = sourcecode.c.h; path = toggle.h; sourceTree = "<group>"; };
		C27206F415D7FBF700CCCD22 /* toggles.c */ = {isa = PBXFileReference; fileEncoding = 4; lastKnownFileType = sourcecode.c.c; path = toggles.c; sourceTree = "<group>"; };
		C27206F515D7FBF700CCCD22 /* togglesc.h */ = {isa = PBXFileReference; fileEncoding = 4; lastKnownFileType = sourcecode.c.h; path = togglesc.h; sourceTree = "<group>"; };
		C27206F615D7FBF700CCCD22 /* trace_ds.c */ = {isa = PBXFileReference; fileEncoding = 4; lastKnownFileType = sourcecode.c.c; path = trace_ds.c; sourceTree = "<group>"; };
		C27206F715D7FBF700CCCD22 /* trace_dsc.h */ = {isa = PBXFileReference; fileEncoding = 4; lastKnownFileType = sourcecode.c.h; path = trace_dsc.h; sourceTree = "<group>"; };
		C27206F815D7FBF700CCCD22 /* utf8.c */ = {isa = PBXFileReference; fileEncoding = 4; lastKnownFileType = sourcecode.c.c; path = utf8.c; sourceTree = "<group>"; };
		C27206F915D7FBF700CCCD22 /* utf8c.h */ = {isa = PBXFileReference; fileEncoding = 4; lastKnownFileType = sourcecode.c.h; path = utf8c.h; sourceTree = "<group>"; };
		C27206FA15D7FBF700CCCD22 /* util.c */ = {isa = PBXFileReference; fileEncoding = 4; lastKnownFileType = sourcecode.c.c; path = util.c; sourceTree = "<group>"; };
		C27206FB15D7FBF700CCCD22 /* utilc.h */ = {isa = PBXFileReference; fileEncoding = 4; lastKnownFileType = sourcecode.c.h; path = utilc.h; sourceTree = "<group>"; };
		C27206FC15D7FBF700CCCD22 /* version.c */ = {isa = PBXFileReference; fileEncoding = 4; lastKnownFileType = sourcecode.c.c; path = version.c; sourceTree = "<group>"; };
		C27206FD15D7FBF700CCCD22 /* w3misc.c */ = {isa = PBXFileReference; fileEncoding = 4; lastKnownFileType = sourcecode.c.c; path = w3misc.c; sourceTree = "<group>"; };
		C27206FE15D7FBF700CCCD22 /* w3miscc.h */ = {isa = PBXFileReference; fileEncoding = 4; lastKnownFileType = sourcecode.c.h; path = w3miscc.h; sourceTree = "<group>"; };
		C27206FF15D7FBF700CCCD22 /* widec.h */ = {isa = PBXFileReference; fileEncoding = 4; lastKnownFileType = sourcecode.c.h; path = widec.h; sourceTree = "<group>"; };
		C272070015D7FBF700CCCD22 /* winvers.c */ = {isa = PBXFileReference; fileEncoding = 4; lastKnownFileType = sourcecode.c.c; path = winvers.c; sourceTree = "<group>"; };
		C272070115D7FBF700CCCD22 /* winversc.h */ = {isa = PBXFileReference; fileEncoding = 4; lastKnownFileType = sourcecode.c.h; path = winversc.h; sourceTree = "<group>"; };
		C272070215D7FBF700CCCD22 /* X11keysym.h */ = {isa = PBXFileReference; fileEncoding = 4; lastKnownFileType = sourcecode.c.h; path = X11keysym.h; sourceTree = "<group>"; };
		C272070315D7FBF700CCCD22 /* X3270.xad */ = {isa = PBXFileReference; fileEncoding = 4; lastKnownFileType = text; path = X3270.xad; sourceTree = "<group>"; };
		C272070415D7FBF700CCCD22 /* xio.c */ = {isa = PBXFileReference; fileEncoding = 4; lastKnownFileType = sourcecode.c.c; path = xio.c; sourceTree = "<group>"; };
		C272070515D7FBF700CCCD22 /* xioc.h */ = {isa = PBXFileReference; fileEncoding = 4; lastKnownFileType = sourcecode.c.h; path = xioc.h; sourceTree = "<group>"; };
		C272070615D7FBF700CCCD22 /* xl.h */ = {isa = PBXFileReference; fileEncoding = 4; lastKnownFileType = sourcecode.c.h; path = xl.h; sourceTree = "<group>"; };
		C272070715D7FBF700CCCD22 /* XtGlue.c */ = {isa = PBXFileReference; fileEncoding = 4; lastKnownFileType = sourcecode.c.c; path = XtGlue.c; sourceTree = "<group>"; };
		C272070B15D7FBF700CCCD22 /* actions.o */ = {isa = PBXFileReference; lastKnownFileType = "compiled.mach-o.objfile"; path = actions.o; sourceTree = "<group>"; };
		C272070C15D7FBF700CCCD22 /* colors.o */ = {isa = PBXFileReference; lastKnownFileType = "compiled.mach-o.objfile"; path = colors.o; sourceTree = "<group>"; };
		C272070E15D7FBF700CCCD22 /* config.o */ = {isa = PBXFileReference; lastKnownFileType = "compiled.mach-o.objfile"; path = config.o; sourceTree = "<group>"; };
		C272070F15D7FBF700CCCD22 /* dialog.o */ = {isa = PBXFileReference; lastKnownFileType = "compiled.mach-o.objfile"; path = dialog.o; sourceTree = "<group>"; };
		C272071015D7FBF700CCCD22 /* filetransfer.o */ = {isa = PBXFileReference; lastKnownFileType = "compiled.mach-o.objfile"; path = filetransfer.o; sourceTree = "<group>"; };
		C272071115D7FBF700CCCD22 /* fonts.o */ = {isa = PBXFileReference; lastKnownFileType = "compiled.mach-o.objfile"; path = fonts.o; sourceTree = "<group>"; };
		C272071215D7FBF700CCCD22 /* print.o */ = {isa = PBXFileReference; lastKnownFileType = "compiled.mach-o.objfile"; path = print.o; sourceTree = "<group>"; };
		C272071315D7FBF700CCCD22 /* tools.o */ = {isa = PBXFileReference; lastKnownFileType = "compiled.mach-o.objfile"; path = tools.o; sourceTree = "<group>"; };
		C272071515D7FBF700CCCD22 /* accelerator.o */ = {isa = PBXFileReference; lastKnownFileType = "compiled.mach-o.objfile"; path = accelerator.o; sourceTree = "<group>"; };
		C272071615D7FBF700CCCD22 /* action.o */ = {isa = PBXFileReference; lastKnownFileType = "compiled.mach-o.objfile"; path = action.o; sourceTree = "<group>"; };
		C272071715D7FBF700CCCD22 /* menu.o */ = {isa = PBXFileReference; lastKnownFileType = "compiled.mach-o.objfile"; path = menu.o; sourceTree = "<group>"; };
		C272071815D7FBF700CCCD22 /* menubar.o */ = {isa = PBXFileReference; lastKnownFileType = "compiled.mach-o.objfile"; path = menubar.o; sourceTree = "<group>"; };
		C272071915D7FBF700CCCD22 /* menuitem.o */ = {isa = PBXFileReference; lastKnownFileType = "compiled.mach-o.objfile"; path = menuitem.o; sourceTree = "<group>"; };
		C272071A15D7FBF700CCCD22 /* parsefile.o */ = {isa = PBXFileReference; lastKnownFileType = "compiled.mach-o.objfile"; path = parsefile.o; sourceTree = "<group>"; };
		C272071B15D7FBF700CCCD22 /* parser.o */ = {isa = PBXFileReference; lastKnownFileType = "compiled.mach-o.objfile"; path = parser.o; sourceTree = "<group>"; };
		C272071C15D7FBF700CCCD22 /* popup.o */ = {isa = PBXFileReference; lastKnownFileType = "compiled.mach-o.objfile"; path = popup.o; sourceTree = "<group>"; };
		C272071D15D7FBF700CCCD22 /* script.o */ = {isa = PBXFileReference; lastKnownFileType = "compiled.mach-o.objfile"; path = script.o; sourceTree = "<group>"; };
		C272071E15D7FBF700CCCD22 /* separator.o */ = {isa = PBXFileReference; lastKnownFileType = "compiled.mach-o.objfile"; path = separator.o; sourceTree = "<group>"; };
		C272071F15D7FBF700CCCD22 /* toolbar.o */ = {isa = PBXFileReference; lastKnownFileType = "compiled.mach-o.objfile"; path = toolbar.o; sourceTree = "<group>"; };
		C272072015D7FBF700CCCD22 /* toolitem.o */ = {isa = PBXFileReference; lastKnownFileType = "compiled.mach-o.objfile"; path = toolitem.o; sourceTree = "<group>"; };
		C272072215D7FBF700CCCD22 /* accessible.o */ = {isa = PBXFileReference; lastKnownFileType = "compiled.mach-o.objfile"; path = accessible.o; sourceTree = "<group>"; };
		C272072315D7FBF700CCCD22 /* draw.o */ = {isa = PBXFileReference; lastKnownFileType = "compiled.mach-o.objfile"; path = draw.o; sourceTree = "<group>"; };
		C272072415D7FBF700CCCD22 /* iocallback.o */ = {isa = PBXFileReference; lastKnownFileType = "compiled.mach-o.objfile"; path = iocallback.o; sourceTree = "<group>"; };
		C272072515D7FBF700CCCD22 /* keyboard.o */ = {isa = PBXFileReference; lastKnownFileType = "compiled.mach-o.objfile"; path = keyboard.o; sourceTree = "<group>"; };
		C272072615D7FBF700CCCD22 /* marshal.o */ = {isa = PBXFileReference; lastKnownFileType = "compiled.mach-o.objfile"; path = marshal.o; sourceTree = "<group>"; };
		C272072715D7FBF700CCCD22 /* mouse.o */ = {isa = PBXFileReference; lastKnownFileType = "compiled.mach-o.objfile"; path = mouse.o; sourceTree = "<group>"; };
		C272072815D7FBF700CCCD22 /* oia.o */ = {isa = PBXFileReference; lastKnownFileType = "compiled.mach-o.objfile"; path = oia.o; sourceTree = "<group>"; };
		C272072915D7FBF700CCCD22 /* selection.o */ = {isa = PBXFileReference; lastKnownFileType = "compiled.mach-o.objfile"; path = selection.o; sourceTree = "<group>"; };
		C272072A15D7FBF700CCCD22 /* widget.o */ = {isa = PBXFileReference; lastKnownFileType = "compiled.mach-o.objfile"; path = widget.o; sourceTree = "<group>"; };
		C272072B15D7FBF700CCCD22 /* window.o */ = {isa = PBXFileReference; lastKnownFileType = "compiled.mach-o.objfile"; path = window.o; sourceTree = "<group>"; };
		C272072C15D7FBF700CCCD22 /* actions.c */ = {isa = PBXFileReference; fileEncoding = 4; lastKnownFileType = sourcecode.c.c; path = actions.c; sourceTree = "<group>"; };
		C272072D15D7FBF700CCCD22 /* colors.c */ = {isa = PBXFileReference; fileEncoding = 4; lastKnownFileType = sourcecode.c.c; path = colors.c; sourceTree = "<group>"; };
		C272072F15D7FBF700CCCD22 /* common.h */ = {isa = PBXFileReference; fileEncoding = 4; lastKnownFileType = sourcecode.c.h; path = common.h; sourceTree = "<group>"; };
		C272073015D7FBF700CCCD22 /* common.h.in */ = {isa = PBXFileReference; fileEncoding = 4; lastKnownFileType = text; path = common.h.in; sourceTree = "<group>"; };
		C272073115D7FBF700CCCD22 /* config.c */ = {isa = PBXFileReference; fileEncoding = 4; lastKnownFileType = sourcecode.c.c; path = config.c; sourceTree = "<group>"; };
		C272073215D7FBF700CCCD22 /* sources.mak */ = {isa = PBXFileReference; fileEncoding = 4; lastKnownFileType = sourcecode.make; path = sources.mak; sourceTree = "<group>"; };
		C272073315D7FBF700CCCD22 /* dialog.c */ = {isa = PBXFileReference; fileEncoding = 4; lastKnownFileType = sourcecode.c.c; path = dialog.c; sourceTree = "<group>"; };
		C272073415D7FBF700CCCD22 /* filetransfer.c */ = {isa = PBXFileReference; fileEncoding = 4; lastKnownFileType = sourcecode.c.c; path = filetransfer.c; sourceTree = "<group>"; };
		C272073515D7FBF700CCCD22 /* filetransfer.h */ = {isa = PBXFileReference; fileEncoding = 4; lastKnownFileType = sourcecode.c.h; path = filetransfer.h; sourceTree = "<group>"; };
		C272073615D7FBF700CCCD22 /* fonts.c */ = {isa = PBXFileReference; fileEncoding = 4; lastKnownFileType = sourcecode.c.c; path = fonts.c; sourceTree = "<group>"; };
		C272073715D7FBF700CCCD22 /* globals.h */ = {isa = PBXFileReference; fileEncoding = 4; lastKnownFileType = sourcecode.c.h; path = globals.h; sourceTree = "<group>"; };
		C272073815D7FBF700CCCD22 /* main.c */ = {isa = PBXFileReference; fileEncoding = 4; lastKnownFileType = sourcecode.c.c; path = main.c; sourceTree = "<group>"; };
		C272073915D7FBF700CCCD22 /* Makefile */ = {isa = PBXFileReference; fileEncoding = 4; lastKnownFileType = sourcecode.make; path = Makefile; sourceTree = "<group>"; };
		C272073A15D7FBF700CCCD22 /* Makefile.in */ = {isa = PBXFileReference; fileEncoding = 4; lastKnownFileType = text; path = Makefile.in; sourceTree = "<group>"; };
		C272073C15D7FBF700CCCD22 /* pw3270-logo.svg */ = {isa = PBXFileReference; fileEncoding = 4; lastKnownFileType = text.xml; path = "pw3270-logo.svg"; sourceTree = "<group>"; };
		C272073D15D7FBF700CCCD22 /* pw3270.svg */ = {isa = PBXFileReference; fileEncoding = 4; lastKnownFileType = text.xml; path = pw3270.svg; sourceTree = "<group>"; };
		C272073E15D7FBF700CCCD22 /* print.c */ = {isa = PBXFileReference; fileEncoding = 4; lastKnownFileType = sourcecode.c.c; path = print.c; sourceTree = "<group>"; };
		C272073F15D7FBF700CCCD22 /* pw3270-GTK.cbp */ = {isa = PBXFileReference; fileEncoding = 4; lastKnownFileType = text.xml; path = "pw3270-GTK.cbp"; sourceTree = "<group>"; };
		C272074015D7FBF700CCCD22 /* pw3270.ico */ = {isa = PBXFileReference; lastKnownFileType = image.ico; path = pw3270.ico; sourceTree = "<group>"; };
		C272074115D7FBF700CCCD22 /* tools.c */ = {isa = PBXFileReference; fileEncoding = 4; lastKnownFileType = sourcecode.c.c; path = tools.c; sourceTree = "<group>"; };
		C272074315D7FBF700CCCD22 /* accelerator.c */ = {isa = PBXFileReference; fileEncoding = 4; lastKnownFileType = sourcecode.c.c; path = accelerator.c; sourceTree = "<group>"; };
		C272074415D7FBF700CCCD22 /* action.c */ = {isa = PBXFileReference; fileEncoding = 4; lastKnownFileType = sourcecode.c.c; path = action.c; sourceTree = "<group>"; };
		C272074515D7FBF700CCCD22 /* Makefile */ = {isa = PBXFileReference; fileEncoding = 4; lastKnownFileType = sourcecode.make; path = Makefile; sourceTree = "<group>"; };
		C272074615D7FBF700CCCD22 /* Makefile.in */ = {isa = PBXFileReference; fileEncoding = 4; lastKnownFileType = text; path = Makefile.in; sourceTree = "<group>"; };
		C272074715D7FBF700CCCD22 /* memchk.sh */ = {isa = PBXFileReference; fileEncoding = 4; lastKnownFileType = text.script.sh; path = memchk.sh; sourceTree = "<group>"; };
		C272074815D7FBF700CCCD22 /* menu.c */ = {isa = PBXFileReference; fileEncoding = 4; lastKnownFileType = sourcecode.c.c; path = menu.c; sourceTree = "<group>"; };
		C272074915D7FBF700CCCD22 /* menubar.c */ = {isa = PBXFileReference; fileEncoding = 4; lastKnownFileType = sourcecode.c.c; path = menubar.c; sourceTree = "<group>"; };
		C272074A15D7FBF700CCCD22 /* menuitem.c */ = {isa = PBXFileReference; fileEncoding = 4; lastKnownFileType = sourcecode.c.c; path = menuitem.c; sourceTree = "<group>"; };
		C272074B15D7FBF700CCCD22 /* parsefile.c */ = {isa = PBXFileReference; fileEncoding = 4; lastKnownFileType = sourcecode.c.c; path = parsefile.c; sourceTree = "<group>"; };
		C272074C15D7FBF700CCCD22 /* parser.c */ = {isa = PBXFileReference; fileEncoding = 4; lastKnownFileType = sourcecode.c.c; path = parser.c; sourceTree = "<group>"; };
		C272074D15D7FBF700CCCD22 /* parser.h */ = {isa = PBXFileReference; fileEncoding = 4; lastKnownFileType = sourcecode.c.h; path = parser.h; sourceTree = "<group>"; };
		C272074E15D7FBF700CCCD22 /* popup.c */ = {isa = PBXFileReference; fileEncoding = 4; lastKnownFileType = sourcecode.c.c; path = popup.c; sourceTree = "<group>"; };
		C272074F15D7FBF700CCCD22 /* private.h */ = {isa = PBXFileReference; fileEncoding = 4; lastKnownFileType = sourcecode.c.h; path = private.h; sourceTree = "<group>"; };
		C272075015D7FBF700CCCD22 /* script.c */ = {isa = PBXFileReference; fileEncoding = 4; lastKnownFileType = sourcecode.c.c; path = script.c; sourceTree = "<group>"; };
		C272075115D7FBF700CCCD22 /* separator.c */ = {isa = PBXFileReference; fileEncoding = 4; lastKnownFileType = sourcecode.c.c; path = separator.c; sourceTree = "<group>"; };
		C272075215D7FBF700CCCD22 /* sources.mak */ = {isa = PBXFileReference; fileEncoding = 4; lastKnownFileType = sourcecode.make; path = sources.mak; sourceTree = "<group>"; };
		C272075315D7FBF700CCCD22 /* testprogram.c */ = {isa = PBXFileReference; fileEncoding = 4; lastKnownFileType = sourcecode.c.c; path = testprogram.c; sourceTree = "<group>"; };
		C272075415D7FBF700CCCD22 /* toolbar.c */ = {isa = PBXFileReference; fileEncoding = 4; lastKnownFileType = sourcecode.c.c; path = toolbar.c; sourceTree = "<group>"; };
		C272075515D7FBF700CCCD22 /* toolitem.c */ = {isa = PBXFileReference; fileEncoding = 4; lastKnownFileType = sourcecode.c.c; path = toolitem.c; sourceTree = "<group>"; };
		C272075615D7FBF700CCCD22 /* uiparser.cbp */ = {isa = PBXFileReference; fileEncoding = 4; lastKnownFileType = text.xml; path = uiparser.cbp; sourceTree = "<group>"; };
		C272075815D7FBF700CCCD22 /* accessible.c */ = {isa = PBXFileReference; fileEncoding = 4; lastKnownFileType = sourcecode.c.c; path = accessible.c; sourceTree = "<group>"; };
		C272075915D7FBF700CCCD22 /* accessible.h */ = {isa = PBXFileReference; fileEncoding = 4; lastKnownFileType = sourcecode.c.h; path = accessible.h; sourceTree = "<group>"; };
		C272075A15D7FBF700CCCD22 /* draw.c */ = {isa = PBXFileReference; fileEncoding = 4; lastKnownFileType = sourcecode.c.c; path = draw.c; sourceTree = "<group>"; };
		C272075B15D7FBF700CCCD22 /* genmarshal */ = {isa = PBXFileReference; fileEncoding = 4; lastKnownFileType = text; path = genmarshal; sourceTree = "<group>"; };
		C272075C15D7FBF700CCCD22 /* iocallback.c */ = {isa = PBXFileReference; fileEncoding = 4; lastKnownFileType = sourcecode.c.c; path = iocallback.c; sourceTree = "<group>"; };
		C272075D15D7FBF700CCCD22 /* keyboard.c */ = {isa = PBXFileReference; fileEncoding = 4; lastKnownFileType = sourcecode.c.c; path = keyboard.c; sourceTree = "<group>"; };
		C272075E15D7FBF700CCCD22 /* locked.xbm */ = {isa = PBXFileReference; fileEncoding = 4; lastKnownFileType = text; path = locked.xbm; sourceTree = "<group>"; };
		C272075F15D7FBF700CCCD22 /* marshal.c */ = {isa = PBXFileReference; fileEncoding = 4; lastKnownFileType = sourcecode.c.c; path = marshal.c; sourceTree = "<group>"; };
		C272076015D7FBF700CCCD22 /* marshal.h */ = {isa = PBXFileReference; fileEncoding = 4; lastKnownFileType = sourcecode.c.h; path = marshal.h; sourceTree = "<group>"; };
		C272076115D7FBF700CCCD22 /* mouse.c */ = {isa = PBXFileReference; fileEncoding = 4; lastKnownFileType = sourcecode.c.c; path = mouse.c; sourceTree = "<group>"; };
		C272076215D7FBF700CCCD22 /* oia.c */ = {isa = PBXFileReference; fileEncoding = 4; lastKnownFileType = sourcecode.c.c; path = oia.c; sourceTree = "<group>"; };
		C272076315D7FBF700CCCD22 /* private.h */ = {isa = PBXFileReference; fileEncoding = 4; lastKnownFileType = sourcecode.c.h; path = private.h; sourceTree = "<group>"; };
		C272076415D7FBF700CCCD22 /* selection.c */ = {isa = PBXFileReference; fileEncoding = 4; lastKnownFileType = sourcecode.c.c; path = selection.c; sourceTree = "<group>"; };
		C272076515D7FBF700CCCD22 /* sources.mak */ = {isa = PBXFileReference; fileEncoding = 4; lastKnownFileType = sourcecode.make; path = sources.mak; sourceTree = "<group>"; };
		C272076615D7FBF700CCCD22 /* unlocked.xbm */ = {isa = PBXFileReference; fileEncoding = 4; lastKnownFileType = text; path = unlocked.xbm; sourceTree = "<group>"; };
		C272076715D7FBF700CCCD22 /* widget.c */ = {isa = PBXFileReference; fileEncoding = 4; lastKnownFileType = sourcecode.c.c; path = widget.c; sourceTree = "<group>"; };
		C272076815D7FBF700CCCD22 /* valgrind.suppression */ = {isa = PBXFileReference; fileEncoding = 4; lastKnownFileType = text; path = valgrind.suppression; sourceTree = "<group>"; };
		C272076915D7FBF700CCCD22 /* window.c */ = {isa = PBXFileReference; fileEncoding = 4; lastKnownFileType = sourcecode.c.c; path = window.c; sourceTree = "<group>"; };
		C272076B15D7FBF700CCCD22 /* Makefile */ = {isa = PBXFileReference; fileEncoding = 4; lastKnownFileType = sourcecode.make; path = Makefile; sourceTree = "<group>"; };
		C272076C15D7FBF700CCCD22 /* Makefile.in */ = {isa = PBXFileReference; fileEncoding = 4; lastKnownFileType = text; path = Makefile.in; sourceTree = "<group>"; };
		C272076D15D7FBF700CCCD22 /* xml2pot.c */ = {isa = PBXFileReference; fileEncoding = 4; lastKnownFileType = sourcecode.c.c; path = xml2pot.c; sourceTree = "<group>"; };
		C2C4DAD815D8282600E8C6A0 /* autogen.sh */ = {isa = PBXFileReference; fileEncoding = 4; lastKnownFileType = text.script.sh; path = autogen.sh; sourceTree = "<group>"; };
/* End PBXFileReference section */

/* Begin PBXGroup section */
		C232305B15D7F01F00E76E83 = {
			isa = PBXGroup;
			children = (
				C2C4DAD815D8282600E8C6A0 /* autogen.sh */,
				C272066415D7FBF700CCCD22 /* src */,
				C272066315D7F88300CCCD22 /* configure.ac */,
			);
			sourceTree = "<group>";
			usesTabs = 1;
			wrapsLines = 0;
		};
		C272066415D7FBF700CCCD22 /* src */ = {
			isa = PBXGroup;
			children = (
				C272066515D7FBF700CCCD22 /* include */,
				C272067B15D7FBF700CCCD22 /* lib3270 */,
				C272070815D7FBF700CCCD22 /* pw3270 */,
				C272076A15D7FBF700CCCD22 /* tools */,
			);
			path = src;
			sourceTree = "<group>";
		};
		C272066515D7FBF700CCCD22 /* include */ = {
			isa = PBXGroup;
			children = (
				C272066615D7FBF700CCCD22 /* lib3270 */,
				C272067515D7FBF700CCCD22 /* lib3270.h */,
				C272067615D7FBF700CCCD22 /* pw3270 */,
				C272067715D7FBF700CCCD22 /* pw3270.h */,
				C272067815D7FBF700CCCD22 /* rules.mak */,
				C272067915D7FBF700CCCD22 /* rules.mak.in */,
				C272067A15D7FBF700CCCD22 /* v3270.h */,
			);
			path = include;
			sourceTree = "<group>";
		};
		C272066615D7FBF700CCCD22 /* lib3270 */ = {
			isa = PBXGroup;
			children = (
				C272066715D7FBF700CCCD22 /* action_table.h */,
				C272066815D7FBF700CCCD22 /* actions.h */,
				C272066915D7FBF700CCCD22 /* config.h */,
				C272066A15D7FBF700CCCD22 /* config.h.in */,
				C272066B15D7FBF700CCCD22 /* filetransfer.h */,
				C272066C15D7FBF700CCCD22 /* html.h */,
				C272066D15D7FBF700CCCD22 /* internals.h */,
				C272066E15D7FBF700CCCD22 /* log.h */,
				C272066F15D7FBF700CCCD22 /* macros.h */,
				C272067015D7FBF700CCCD22 /* popup.h */,
				C272067115D7FBF700CCCD22 /* selection.h */,
				C272067215D7FBF700CCCD22 /* session.h */,
				C272067315D7FBF700CCCD22 /* stamp-h1 */,
				C272067415D7FBF700CCCD22 /* trace.h */,
			);
			path = lib3270;
			sourceTree = "<group>";
		};
		C272067615D7FBF700CCCD22 /* pw3270 */ = {
			isa = PBXGroup;
			children = (
			);
			path = pw3270;
			sourceTree = "<group>";
		};
		C272067B15D7FBF700CCCD22 /* lib3270 */ = {
			isa = PBXGroup;
			children = (
				C272067C15D7FBF700CCCD22 /* .bin */,
				C272067F15D7FBF700CCCD22 /* .obj */,
				C27206A215D7FBF700CCCD22 /* 3270ds.h */,
				C27206A315D7FBF700CCCD22 /* actions.c */,
				C27206A415D7FBF700CCCD22 /* actionsc.h */,
				C27206A515D7FBF700CCCD22 /* ansi.c */,
				C27206A615D7FBF700CCCD22 /* ansic.h */,
				C27206A715D7FBF700CCCD22 /* api.h */,
				C27206A815D7FBF700CCCD22 /* apl.c */,
				C27206A915D7FBF700CCCD22 /* aplc.h */,
				C27206AA15D7FBF700CCCD22 /* appres.h */,
				C27206AB15D7FBF700CCCD22 /* arpa_telnet.h */,
				C27206AC15D7FBF700CCCD22 /* bounds.c */,
				C27206AD15D7FBF700CCCD22 /* cg.h */,
				C27206AE15D7FBF700CCCD22 /* charset.c */,
				C27206AF15D7FBF700CCCD22 /* charsetc.h */,
				C27206B015D7FBF700CCCD22 /* childc.h */,
				C27206B115D7FBF700CCCD22 /* ctlr.c */,
				C27206B215D7FBF700CCCD22 /* ctlrc.h */,
				C27206B315D7FBF700CCCD22 /* fallbacks.c */,
				C27206B415D7FBF700CCCD22 /* ft.c */,
				C27206B515D7FBF700CCCD22 /* ft_cut.c */,
				C27206B615D7FBF700CCCD22 /* ft_cut_ds.h */,
				C27206B715D7FBF700CCCD22 /* ft_cutc.h */,
				C27206B815D7FBF700CCCD22 /* ft_dft.c */,
				C27206B915D7FBF700CCCD22 /* ft_dft_ds.h */,
				C27206BA15D7FBF700CCCD22 /* ft_dftc.h */,
				C27206BB15D7FBF700CCCD22 /* ftc.h */,
				C27206BC15D7FBF700CCCD22 /* globals.h */,
				C27206BD15D7FBF700CCCD22 /* glue.c */,
				C27206BE15D7FBF700CCCD22 /* gluec.h */,
				C27206BF15D7FBF700CCCD22 /* host.c */,
				C27206C015D7FBF700CCCD22 /* hostc.h */,
				C27206C115D7FBF700CCCD22 /* html.c */,
				C27206C215D7FBF700CCCD22 /* icmdc.h */,
				C27206C315D7FBF700CCCD22 /* iocalls.c */,
				C27206C415D7FBF700CCCD22 /* keypadc.h */,
				C27206C515D7FBF700CCCD22 /* kybd.c */,
				C27206C615D7FBF700CCCD22 /* kybdc.h */,
				C27206C715D7FBF700CCCD22 /* lib3270.cbp */,
				C27206C815D7FBF700CCCD22 /* localdefs.h */,
				C27206C915D7FBF700CCCD22 /* log.c */,
				C27206CA15D7FBF700CCCD22 /* macros.c */,
				C27206CB15D7FBF700CCCD22 /* Makefile */,
				C27206CC15D7FBF700CCCD22 /* Makefile.in */,
				C27206CD15D7FBF700CCCD22 /* mkfb.c */,
				C27206CE15D7FBF700CCCD22 /* mkversion.sh */,
				C27206CF15D7FBF700CCCD22 /* mkversion.sh.in */,
				C27206D015D7FBF700CCCD22 /* objects.h */,
				C27206D115D7FBF700CCCD22 /* paste.c */,
				C27206D215D7FBF700CCCD22 /* popupsc.h */,
				C27206D315D7FBF700CCCD22 /* print.c */,
				C27206D415D7FBF700CCCD22 /* printc.h */,
				C27206D515D7FBF700CCCD22 /* printer.c */,
				C27206D615D7FBF700CCCD22 /* printerc.h */,
				C27206D715D7FBF700CCCD22 /* proxy.c */,
				C27206D815D7FBF700CCCD22 /* proxyc.h */,
				C27206D915D7FBF700CCCD22 /* resolver.c */,
				C27206DA15D7FBF700CCCD22 /* resolverc.h */,
				C27206DB15D7FBF700CCCD22 /* resources.c */,
				C27206DC15D7FBF700CCCD22 /* resources.h */,
				C27206DD15D7FBF700CCCD22 /* rpq.c */,
				C27206DE15D7FBF700CCCD22 /* savec.h */,
				C27206DF15D7FBF700CCCD22 /* screen.c */,
				C27206E015D7FBF700CCCD22 /* screen.h */,
				C27206E115D7FBF700CCCD22 /* screenc.h */,
				C27206E215D7FBF700CCCD22 /* scrollc.h */,
				C27206E315D7FBF700CCCD22 /* see.c */,
				C27206E415D7FBF700CCCD22 /* seec.h */,
				C27206E515D7FBF700CCCD22 /* selection.c */,
				C27206E615D7FBF700CCCD22 /* session.c */,
				C27206E715D7FBF700CCCD22 /* sf.c */,
				C27206E815D7FBF700CCCD22 /* sf.h */,
				C27206E915D7FBF700CCCD22 /* shlobj_missing.h */,
				C27206EA15D7FBF700CCCD22 /* sources.mak */,
				C27206EB15D7FBF700CCCD22 /* state.c */,
				C27206EC15D7FBF700CCCD22 /* statusc.h */,
				C27206ED15D7FBF700CCCD22 /* tables.c */,
				C27206EE15D7FBF700CCCD22 /* tablesc.h */,
				C27206EF15D7FBF700CCCD22 /* telnet.c */,
				C27206F015D7FBF700CCCD22 /* telnetc.h */,
				C27206F115D7FBF700CCCD22 /* testprogram.c */,
				C27206F215D7FBF700CCCD22 /* tn3270e.h */,
				C27206F315D7FBF700CCCD22 /* toggle.h */,
				C27206F415D7FBF700CCCD22 /* toggles.c */,
				C27206F515D7FBF700CCCD22 /* togglesc.h */,
				C27206F615D7FBF700CCCD22 /* trace_ds.c */,
				C27206F715D7FBF700CCCD22 /* trace_dsc.h */,
				C27206F815D7FBF700CCCD22 /* utf8.c */,
				C27206F915D7FBF700CCCD22 /* utf8c.h */,
				C27206FA15D7FBF700CCCD22 /* util.c */,
				C27206FB15D7FBF700CCCD22 /* utilc.h */,
				C27206FC15D7FBF700CCCD22 /* version.c */,
				C27206FD15D7FBF700CCCD22 /* w3misc.c */,
				C27206FE15D7FBF700CCCD22 /* w3miscc.h */,
				C27206FF15D7FBF700CCCD22 /* widec.h */,
				C272070015D7FBF700CCCD22 /* winvers.c */,
				C272070115D7FBF700CCCD22 /* winversc.h */,
				C272070215D7FBF700CCCD22 /* X11keysym.h */,
				C272070315D7FBF700CCCD22 /* X3270.xad */,
				C272070415D7FBF700CCCD22 /* xio.c */,
				C272070515D7FBF700CCCD22 /* xioc.h */,
				C272070615D7FBF700CCCD22 /* xl.h */,
				C272070715D7FBF700CCCD22 /* XtGlue.c */,
			);
			path = lib3270;
			sourceTree = "<group>";
		};
		C272067C15D7FBF700CCCD22 /* .bin */ = {
			isa = PBXGroup;
			children = (
				C272067D15D7FBF700CCCD22 /* mkfb */,
				C272067E15D7FBF700CCCD22 /* mkfb.dSYM */,
			);
			path = .bin;
			sourceTree = "<group>";
		};
		C272067F15D7FBF700CCCD22 /* .obj */ = {
			isa = PBXGroup;
			children = (
				C272068015D7FBF700CCCD22 /* Debug */,
			);
			path = .obj;
			sourceTree = "<group>";
		};
		C272068015D7FBF700CCCD22 /* Debug */ = {
			isa = PBXGroup;
			children = (
				C272068115D7FBF700CCCD22 /* ansi.o */,
				C272068215D7FBF700CCCD22 /* bounds.o */,
				C272068315D7FBF700CCCD22 /* charset.o */,
				C272068415D7FBF700CCCD22 /* ctlr.o */,
				C272068515D7FBF700CCCD22 /* fallbacks.o */,
				C272068615D7FBF700CCCD22 /* ft.o */,
				C272068715D7FBF700CCCD22 /* ft_cut.o */,
				C272068815D7FBF700CCCD22 /* ft_dft.o */,
				C272068915D7FBF700CCCD22 /* glue.o */,
				C272068A15D7FBF700CCCD22 /* host.o */,
				C272068B15D7FBF700CCCD22 /* html.o */,
				C272068C15D7FBF700CCCD22 /* iocalls.o */,
				C272068D15D7FBF700CCCD22 /* kybd.o */,
				C272068E15D7FBF700CCCD22 /* log.o */,
				C272068F15D7FBF700CCCD22 /* macros.o */,
				C272069015D7FBF700CCCD22 /* paste.o */,
				C272069115D7FBF700CCCD22 /* proxy.o */,
				C272069215D7FBF700CCCD22 /* resolver.o */,
				C272069315D7FBF700CCCD22 /* resources.o */,
				C272069415D7FBF700CCCD22 /* rpq.o */,
				C272069515D7FBF700CCCD22 /* screen.o */,
				C272069615D7FBF700CCCD22 /* see.o */,
				C272069715D7FBF700CCCD22 /* selection.o */,
				C272069815D7FBF700CCCD22 /* session.o */,
				C272069915D7FBF700CCCD22 /* sf.o */,
				C272069A15D7FBF700CCCD22 /* state.o */,
				C272069B15D7FBF700CCCD22 /* tables.o */,
				C272069C15D7FBF700CCCD22 /* telnet.o */,
				C272069D15D7FBF700CCCD22 /* toggles.o */,
				C272069E15D7FBF700CCCD22 /* trace_ds.o */,
				C272069F15D7FBF700CCCD22 /* utf8.o */,
				C27206A015D7FBF700CCCD22 /* util.o */,
				C27206A115D7FBF700CCCD22 /* version.o */,
			);
			path = Debug;
			sourceTree = "<group>";
		};
		C272070815D7FBF700CCCD22 /* pw3270 */ = {
			isa = PBXGroup;
			children = (
				C272070915D7FBF700CCCD22 /* .obj */,
				C272072C15D7FBF700CCCD22 /* actions.c */,
				C272072D15D7FBF700CCCD22 /* colors.c */,
				C272072E15D7FBF700CCCD22 /* common */,
				C272073315D7FBF700CCCD22 /* dialog.c */,
				C272073415D7FBF700CCCD22 /* filetransfer.c */,
				C272073515D7FBF700CCCD22 /* filetransfer.h */,
				C272073615D7FBF700CCCD22 /* fonts.c */,
				C272073715D7FBF700CCCD22 /* globals.h */,
				C272073815D7FBF700CCCD22 /* main.c */,
				C272073915D7FBF700CCCD22 /* Makefile */,
				C272073A15D7FBF700CCCD22 /* Makefile.in */,
				C272073B15D7FBF700CCCD22 /* pixmaps */,
				C272073E15D7FBF700CCCD22 /* print.c */,
				C272073F15D7FBF700CCCD22 /* pw3270-GTK.cbp */,
				C272074015D7FBF700CCCD22 /* pw3270.ico */,
				C272074115D7FBF700CCCD22 /* tools.c */,
				C272074215D7FBF700CCCD22 /* uiparser */,
				C272075715D7FBF700CCCD22 /* v3270 */,
				C272076815D7FBF700CCCD22 /* valgrind.suppression */,
				C272076915D7FBF700CCCD22 /* window.c */,
			);
			path = pw3270;
			sourceTree = "<group>";
		};
		C272070915D7FBF700CCCD22 /* .obj */ = {
			isa = PBXGroup;
			children = (
				C272070A15D7FBF700CCCD22 /* Debug */,
			);
			path = .obj;
			sourceTree = "<group>";
		};
		C272070A15D7FBF700CCCD22 /* Debug */ = {
			isa = PBXGroup;
			children = (
				C272070B15D7FBF700CCCD22 /* actions.o */,
				C272070C15D7FBF700CCCD22 /* colors.o */,
				C272070D15D7FBF700CCCD22 /* common */,
				C272070F15D7FBF700CCCD22 /* dialog.o */,
				C272071015D7FBF700CCCD22 /* filetransfer.o */,
				C272071115D7FBF700CCCD22 /* fonts.o */,
				C272071215D7FBF700CCCD22 /* print.o */,
				C272071315D7FBF700CCCD22 /* tools.o */,
				C272071415D7FBF700CCCD22 /* uiparser */,
				C272072115D7FBF700CCCD22 /* v3270 */,
				C272072B15D7FBF700CCCD22 /* window.o */,
			);
			path = Debug;
			sourceTree = "<group>";
		};
		C272070D15D7FBF700CCCD22 /* common */ = {
			isa = PBXGroup;
			children = (
				C272070E15D7FBF700CCCD22 /* config.o */,
			);
			path = common;
			sourceTree = "<group>";
		};
		C272071415D7FBF700CCCD22 /* uiparser */ = {
			isa = PBXGroup;
			children = (
				C272071515D7FBF700CCCD22 /* accelerator.o */,
				C272071615D7FBF700CCCD22 /* action.o */,
				C272071715D7FBF700CCCD22 /* menu.o */,
				C272071815D7FBF700CCCD22 /* menubar.o */,
				C272071915D7FBF700CCCD22 /* menuitem.o */,
				C272071A15D7FBF700CCCD22 /* parsefile.o */,
				C272071B15D7FBF700CCCD22 /* parser.o */,
				C272071C15D7FBF700CCCD22 /* popup.o */,
				C272071D15D7FBF700CCCD22 /* script.o */,
				C272071E15D7FBF700CCCD22 /* separator.o */,
				C272071F15D7FBF700CCCD22 /* toolbar.o */,
				C272072015D7FBF700CCCD22 /* toolitem.o */,
			);
			path = uiparser;
			sourceTree = "<group>";
		};
		C272072115D7FBF700CCCD22 /* v3270 */ = {
			isa = PBXGroup;
			children = (
				C272072215D7FBF700CCCD22 /* accessible.o */,
				C272072315D7FBF700CCCD22 /* draw.o */,
				C272072415D7FBF700CCCD22 /* iocallback.o */,
				C272072515D7FBF700CCCD22 /* keyboard.o */,
				C272072615D7FBF700CCCD22 /* marshal.o */,
				C272072715D7FBF700CCCD22 /* mouse.o */,
				C272072815D7FBF700CCCD22 /* oia.o */,
				C272072915D7FBF700CCCD22 /* selection.o */,
				C272072A15D7FBF700CCCD22 /* widget.o */,
			);
			path = v3270;
			sourceTree = "<group>";
		};
		C272072E15D7FBF700CCCD22 /* common */ = {
			isa = PBXGroup;
			children = (
				C272072F15D7FBF700CCCD22 /* common.h */,
				C272073015D7FBF700CCCD22 /* common.h.in */,
				C272073115D7FBF700CCCD22 /* config.c */,
				C272073215D7FBF700CCCD22 /* sources.mak */,
			);
			path = common;
			sourceTree = "<group>";
		};
		C272073B15D7FBF700CCCD22 /* pixmaps */ = {
			isa = PBXGroup;
			children = (
				C272073C15D7FBF700CCCD22 /* pw3270-logo.svg */,
				C272073D15D7FBF700CCCD22 /* pw3270.svg */,
			);
			path = pixmaps;
			sourceTree = "<group>";
		};
		C272074215D7FBF700CCCD22 /* uiparser */ = {
			isa = PBXGroup;
			children = (
				C272074315D7FBF700CCCD22 /* accelerator.c */,
				C272074415D7FBF700CCCD22 /* action.c */,
				C272074515D7FBF700CCCD22 /* Makefile */,
				C272074615D7FBF700CCCD22 /* Makefile.in */,
				C272074715D7FBF700CCCD22 /* memchk.sh */,
				C272074815D7FBF700CCCD22 /* menu.c */,
				C272074915D7FBF700CCCD22 /* menubar.c */,
				C272074A15D7FBF700CCCD22 /* menuitem.c */,
				C272074B15D7FBF700CCCD22 /* parsefile.c */,
				C272074C15D7FBF700CCCD22 /* parser.c */,
				C272074D15D7FBF700CCCD22 /* parser.h */,
				C272074E15D7FBF700CCCD22 /* popup.c */,
				C272074F15D7FBF700CCCD22 /* private.h */,
				C272075015D7FBF700CCCD22 /* script.c */,
				C272075115D7FBF700CCCD22 /* separator.c */,
				C272075215D7FBF700CCCD22 /* sources.mak */,
				C272075315D7FBF700CCCD22 /* testprogram.c */,
				C272075415D7FBF700CCCD22 /* toolbar.c */,
				C272075515D7FBF700CCCD22 /* toolitem.c */,
				C272075615D7FBF700CCCD22 /* uiparser.cbp */,
			);
			path = uiparser;
			sourceTree = "<group>";
		};
		C272075715D7FBF700CCCD22 /* v3270 */ = {
			isa = PBXGroup;
			children = (
				C272075815D7FBF700CCCD22 /* accessible.c */,
				C272075915D7FBF700CCCD22 /* accessible.h */,
				C272075A15D7FBF700CCCD22 /* draw.c */,
				C272075B15D7FBF700CCCD22 /* genmarshal */,
				C272075C15D7FBF700CCCD22 /* iocallback.c */,
				C272075D15D7FBF700CCCD22 /* keyboard.c */,
				C272075E15D7FBF700CCCD22 /* locked.xbm */,
				C272075F15D7FBF700CCCD22 /* marshal.c */,
				C272076015D7FBF700CCCD22 /* marshal.h */,
				C272076115D7FBF700CCCD22 /* mouse.c */,
				C272076215D7FBF700CCCD22 /* oia.c */,
				C272076315D7FBF700CCCD22 /* private.h */,
				C272076415D7FBF700CCCD22 /* selection.c */,
				C272076515D7FBF700CCCD22 /* sources.mak */,
				C272076615D7FBF700CCCD22 /* unlocked.xbm */,
				C272076715D7FBF700CCCD22 /* widget.c */,
			);
			path = v3270;
			sourceTree = "<group>";
		};
		C272076A15D7FBF700CCCD22 /* tools */ = {
			isa = PBXGroup;
			children = (
				C272076B15D7FBF700CCCD22 /* Makefile */,
				C272076C15D7FBF700CCCD22 /* Makefile.in */,
				C272076D15D7FBF700CCCD22 /* xml2pot.c */,
			);
			path = tools;
			sourceTree = "<group>";
		};
/* End PBXGroup section */

/* Begin PBXLegacyTarget section */
		C232306215D7F01F00E76E83 /* Debug */ = {
			isa = PBXLegacyTarget;
			buildArgumentsString = Debug;
			buildConfigurationList = C232306515D7F01F00E76E83 /* Build configuration list for PBXLegacyTarget "Debug" */;
			buildPhases = (
			);
			buildToolPath = /usr/bin/make;
			buildWorkingDirectory = "";
			dependencies = (
			);
			name = Debug;
			passBuildSettingsInEnvironment = 1;
			productName = pw3270;
		};
/* End PBXLegacyTarget section */

/* Begin PBXProject section */
		C232305D15D7F01F00E76E83 /* Project object */ = {
			isa = PBXProject;
			attributes = {
				LastUpgradeCheck = 0440;
				ORGANIZATIONNAME = "Perry Werneck";
			};
			buildConfigurationList = C232306015D7F01F00E76E83 /* Build configuration list for PBXProject "pw3270" */;
			compatibilityVersion = "Xcode 3.2";
			developmentRegion = English;
			hasScannedForEncodings = 0;
			knownRegions = (
				en,
			);
			mainGroup = C232305B15D7F01F00E76E83;
			projectDirPath = "";
			projectRoot = "";
			targets = (
				C232306215D7F01F00E76E83 /* Debug */,
			);
		};
/* End PBXProject section */

/* Begin XCBuildConfiguration section */
		C232306315D7F01F00E76E83 /* Debug */ = {
			isa = XCBuildConfiguration;
			buildSettings = {
				ALWAYS_SEARCH_USER_PATHS = NO;
				ARCHS = "$(ARCHS_STANDARD_64_BIT)";
				CLANG_CXX_LANGUAGE_STANDARD = "gnu++0x";
				CLANG_WARN__DUPLICATE_METHOD_MATCH = YES;
				COPY_PHASE_STRIP = NO;
				GCC_C_LANGUAGE_STANDARD = gnu99;
				GCC_DYNAMIC_NO_PIC = NO;
				GCC_ENABLE_OBJC_EXCEPTIONS = YES;
				GCC_OPTIMIZATION_LEVEL = 0;
				GCC_PREPROCESSOR_DEFINITIONS = (
					"DEBUG=1",
					"$(inherited)",
				);
				GCC_SYMBOLS_PRIVATE_EXTERN = NO;
				GCC_WARN_64_TO_32_BIT_CONVERSION = YES;
				GCC_WARN_ABOUT_RETURN_TYPE = YES;
				GCC_WARN_UNINITIALIZED_AUTOS = YES;
				GCC_WARN_UNUSED_VARIABLE = YES;
				MACOSX_DEPLOYMENT_TARGET = 10.8;
				ONLY_ACTIVE_ARCH = YES;
				SDKROOT = macosx;
			};
			name = Debug;
		};
		C232306415D7F01F00E76E83 /* Release */ = {
			isa = XCBuildConfiguration;
			buildSettings = {
				ALWAYS_SEARCH_USER_PATHS = NO;
				ARCHS = "$(ARCHS_STANDARD_64_BIT)";
				CLANG_CXX_LANGUAGE_STANDARD = "gnu++0x";
				CLANG_WARN__DUPLICATE_METHOD_MATCH = YES;
				COPY_PHASE_STRIP = YES;
				DEBUG_INFORMATION_FORMAT = "dwarf-with-dsym";
				GCC_C_LANGUAGE_STANDARD = gnu99;
				GCC_ENABLE_OBJC_EXCEPTIONS = YES;
				GCC_WARN_64_TO_32_BIT_CONVERSION = YES;
				GCC_WARN_ABOUT_RETURN_TYPE = YES;
				GCC_WARN_UNINITIALIZED_AUTOS = YES;
				GCC_WARN_UNUSED_VARIABLE = YES;
				MACOSX_DEPLOYMENT_TARGET = 10.8;
				SDKROOT = macosx;
			};
			name = Release;
		};
		C232306615D7F01F00E76E83 /* Debug */ = {
			isa = XCBuildConfiguration;
			buildSettings = {
				DEBUGGING_SYMBOLS = YES;
				GCC_GENERATE_DEBUGGING_SYMBOLS = YES;
				GCC_OPTIMIZATION_LEVEL = 0;
				OTHER_CFLAGS = "";
				OTHER_LDFLAGS = "";
				PRODUCT_NAME = "$(TARGET_NAME)";
			};
			name = Debug;
		};
		C232306715D7F01F00E76E83 /* Release */ = {
			isa = XCBuildConfiguration;
			buildSettings = {
				OTHER_CFLAGS = "";
				OTHER_LDFLAGS = "";
				PRODUCT_NAME = "$(TARGET_NAME)";
			};
			name = Release;
		};
/* End XCBuildConfiguration section */

/* Begin XCConfigurationList section */
		C232306015D7F01F00E76E83 /* Build configuration list for PBXProject "pw3270" */ = {
			isa = XCConfigurationList;
			buildConfigurations = (
				C232306315D7F01F00E76E83 /* Debug */,
				C232306415D7F01F00E76E83 /* Release */,
			);
			defaultConfigurationIsVisible = 0;
			defaultConfigurationName = Release;
		};
		C232306515D7F01F00E76E83 /* Build configuration list for PBXLegacyTarget "Debug" */ = {
			isa = XCConfigurationList;
			buildConfigurations = (
				C232306615D7F01F00E76E83 /* Debug */,
				C232306715D7F01F00E76E83 /* Release */,
			);
			defaultConfigurationIsVisible = 0;
			defaultConfigurationName = Release;
		};
/* End XCConfigurationList section */
	};
	rootObject = C232305D15D7F01F00E76E83 /* Project object */;
}
