<?xml version="1.0" encoding="UTF-8" standalone="yes" ?>
<CodeBlocks_project_file>
	<FileVersion major="1" minor="6" />
	<Project>
		<Option title="pw3270 HLLAPI" />
		<Option makefile_is_custom="1" />
		<Option pch_mode="2" />
		<Option compiler="gcc" />
		<Build>
			<Target title="Debug">
				<Option output=".bin/Debug/pw3270 HLLAPI" prefix_auto="1" extension_auto="1" />
				<Option object_output=".obj/Debug/" />
				<Option type="1" />
				<Option compiler="gcc" />
				<Compiler>
					<Add option="-g" />
				</Compiler>
				<MakeCommands>
					<Build command="$make LIB3270_MODE=Debug -f $makefile $target" />
					<CompileFile command="$make -f $makefile $file" />
					<Clean command="$make -f $makefile clean$target" />
					<DistClean command="$make -f $makefile distclean$target" />
					<AskRebuildNeeded command="$make -q -f $makefile $target" />
					<SilentBuild command="$make LIB3270_MODE=Debug -f $makefile $target &gt; $(CMD_NULL)" />
				</MakeCommands>
			</Target>
			<Target title="Release">
				<Option output=".bin/Release/pw3270 HLLAPI" prefix_auto="1" extension_auto="1" />
				<Option object_output=".obj/Release/" />
				<Option type="1" />
				<Option compiler="gcc" />
				<Compiler>
					<Add option="-O2" />
				</Compiler>
				<Linker>
					<Add option="-s" />
				</Linker>
			</Target>
			<Target title="test">
				<Option output=".bin/Debug/test" prefix_auto="1" extension_auto="1" />
				<Option object_output=".obj/Debug/" />
				<Option type="1" />
				<Option compiler="gcc" />
				<Compiler>
					<Add option="-g" />
				</Compiler>
				<Environment>
					<Variable name="LIB3270_CFLAGS" value='&quot;-I../../../src/include&quot;' />
					<Variable name="LIB3270_LIBS" value='&quot;-L../../../.bin/Debug  -l3270&quot;' />
					<Variable name="PW3270_LIBS" value='&quot;-L../../../.bin/Debug -lpw3270 -l3270&quot;' />
				</Environment>
				<MakeCommands>
					<Build command="$make LIB3270_MODE=Debug -f $makefile $target" />
					<CompileFile command="$make -f $makefile $file" />
					<Clean command="$make -f $makefile clean$target" />
					<DistClean command="$make -f $makefile distclean$target" />
					<AskRebuildNeeded command="$make -q -f $makefile $target" />
					<SilentBuild command="$make LIB3270_MODE=Debug -f $makefile $target &gt; $(CMD_NULL)" />
				</MakeCommands>
			</Target>
		</Build>
		<Compiler>
			<Add option="-Wall" />
		</Compiler>
		<Unit filename="../../include/lib3270.h" />
		<Unit filename="../../include/pw3270/hllapi.h" />
		<Unit filename="../../include/pw3270cpp.h" />
		<Unit filename="Makefile.in" />
		<Unit filename="calls.cc" />
		<Unit filename="client.h" />
		<Unit filename="hllapi.c">
			<Option compilerVar="CC" />
		</Unit>
		<Unit filename="pluginmain.c">
			<Option compilerVar="CC" />
		</Unit>
		<Unit filename="remotectl.h" />
		<Unit filename="server.h" />
		<Unit filename="testprogram.c">
			<Option compilerVar="CC" />
		</Unit>
		<Extensions>
			<code_completion />
			<envvars />
			<debugger />
			<lib_finder disable_auto="1" />
		</Extensions>
	</Project>
</CodeBlocks_project_file>
