<?xml version="1.0" encoding="UTF-8" standalone="yes" ?>
<CodeBlocks_project_file>
	<FileVersion major="1" minor="6" />
	<Project>
		<Option title="3270 C Access Library" />
		<Option makefile_is_custom="1" />
		<Option pch_mode="2" />
		<Option compiler="gcc" />
		<Build>
			<Target title="Debug">
				<Option output=".bin/lib3270/Debug/3270" imp_lib="$(TARGET_OUTPUT_DIR)$(TARGET_OUTPUT_BASENAME).a" def_file="$(TARGET_OUTPUT_DIR)$(TARGET_OUTPUT_BASENAME).def" prefix_auto="1" extension_auto="1" />
				<Option object_output=".obj/Debug/" />
				<Option type="3" />
				<Option compiler="gcc" />
				<Compiler>
					<Add option="-g" />
				</Compiler>
			</Target>
			<Target title="Release">
				<Option output=".bin/lib3270/Release/lib3270" prefix_auto="1" extension_auto="1" />
				<Option object_output=".obj/Release/" />
				<Option type="1" />
				<Option compiler="gcc" />
				<Compiler>
					<Add option="-O2" />
				</Compiler>
				<Linker>
					<Add option="-s" />
				</Linker>
			</Target>
		</Build>
		<Compiler>
			<Add option="-Wall" />
			<Add directory="src/include" />
		</Compiler>
		<Unit filename="AUTHORS" />
		<Unit filename="LICENCA" />
		<Unit filename="LICENSE" />
		<Unit filename="README.md" />
		<Unit filename="X3270.xad" />
		<Unit filename="config.status" />
		<Unit filename="configure" />
		<Unit filename="configure.ac" />
		<Unit filename="gitsync.sh" />
		<Unit filename="src/include/3270ds.h" />
		<Unit filename="src/include/actionsc.h" />
		<Unit filename="src/include/ansic.h" />
		<Unit filename="src/include/api.h" />
		<Unit filename="src/include/aplc.h" />
		<Unit filename="src/include/appres.h" />
		<Unit filename="src/include/arpa_telnet.h" />
		<Unit filename="src/include/cg.h" />
		<Unit filename="src/include/childc.h" />
		<Unit filename="src/include/config.h" />
		<Unit filename="src/include/config.h.in" />
		<Unit filename="src/include/ctlrc.h" />
		<Unit filename="src/include/ft_cut_ds.h" />
		<Unit filename="src/include/ft_cutc.h" />
		<Unit filename="src/include/ft_dft_ds.h" />
		<Unit filename="src/include/ft_dftc.h" />
		<Unit filename="src/include/ftc.h" />
		<Unit filename="src/include/gluec.h" />
		<Unit filename="src/include/hostc.h" />
		<Unit filename="src/include/icmdc.h" />
		<Unit filename="src/include/keypadc.h" />
		<Unit filename="src/include/kybdc.h" />
		<Unit filename="src/include/lib3270/X11keysym.h" />
		<Unit filename="src/include/lib3270/action_table.h" />
		<Unit filename="src/include/lib3270/actions.h" />
		<Unit filename="src/include/lib3270/charset.h" />
		<Unit filename="src/include/lib3270/filetransfer.h" />
		<Unit filename="src/include/lib3270/html.h" />
		<Unit filename="src/include/lib3270/internals.h" />
		<Unit filename="src/include/lib3270/log.h" />
		<Unit filename="src/include/lib3270/macros.h" />
		<Unit filename="src/include/lib3270/popup.h" />
		<Unit filename="src/include/lib3270/selection.h" />
		<Unit filename="src/include/lib3270/session.h" />
		<Unit filename="src/include/lib3270/trace.h" />
		<Unit filename="src/include/localdefs.h" />
		<Unit filename="src/include/objects.h" />
		<Unit filename="src/include/popupsc.h" />
		<Unit filename="src/include/printc.h" />
		<Unit filename="src/include/printerc.h" />
		<Unit filename="src/include/private.h" />
		<Unit filename="src/include/proxyc.h" />
		<Unit filename="src/include/resolverc.h" />
		<Unit filename="src/include/resources.h" />
		<Unit filename="src/include/savec.h" />
		<Unit filename="src/include/screen.h" />
		<Unit filename="src/include/screenc.h" />
		<Unit filename="src/include/scrollc.h" />
		<Unit filename="src/include/seec.h" />
		<Unit filename="src/include/sf.h" />
		<Unit filename="src/include/shlobj_missing.h" />
		<Unit filename="src/include/stamp-h1" />
		<Unit filename="src/include/statusc.h" />
		<Unit filename="src/include/telnetc.h" />
		<Unit filename="src/include/tn3270e.h" />
		<Unit filename="src/include/toggle.h" />
		<Unit filename="src/include/togglesc.h" />
		<Unit filename="src/include/trace_dsc.h" />
		<Unit filename="src/include/utf8c.h" />
		<Unit filename="src/include/utilc.h" />
		<Unit filename="src/include/w3miscc.h" />
		<Unit filename="src/include/widec.h" />
		<Unit filename="src/include/winversc.h" />
		<Unit filename="src/include/xioc.h" />
		<Unit filename="src/include/xl.h" />
		<Unit filename="src/lib3270/actions.c">
			<Option compilerVar="CC" />
		</Unit>
		<Unit filename="src/lib3270/ansi.c">
			<Option compilerVar="CC" />
		</Unit>
		<Unit filename="src/lib3270/bounds.c">
			<Option compilerVar="CC" />
		</Unit>
		<Unit filename="src/lib3270/charset.c">
			<Option compilerVar="CC" />
		</Unit>
		<Unit filename="src/lib3270/connect.c">
			<Option compilerVar="CC" />
		</Unit>
		<Unit filename="src/lib3270/ctlr.c">
			<Option compilerVar="CC" />
		</Unit>
		<Unit filename="src/lib3270/ft.c">
			<Option compilerVar="CC" />
		</Unit>
		<Unit filename="src/lib3270/ft_cut.c">
			<Option compilerVar="CC" />
		</Unit>
		<Unit filename="src/lib3270/ft_dft.c">
			<Option compilerVar="CC" />
		</Unit>
		<Unit filename="src/lib3270/glue.c">
			<Option compilerVar="CC" />
		</Unit>
		<Unit filename="src/lib3270/host.c">
			<Option compilerVar="CC" />
		</Unit>
		<Unit filename="src/lib3270/html.c">
			<Option compilerVar="CC" />
		</Unit>
		<Unit filename="src/lib3270/iocalls.c">
			<Option compilerVar="CC" />
		</Unit>
		<Unit filename="src/lib3270/kybd.c">
			<Option compilerVar="CC" />
		</Unit>
		<Unit filename="src/lib3270/log.c">
			<Option compilerVar="CC" />
		</Unit>
		<Unit filename="src/lib3270/macros.c">
			<Option compilerVar="CC" />
		</Unit>
		<Unit filename="src/lib3270/mkfb.c">
			<Option compilerVar="CC" />
		</Unit>
		<Unit filename="src/lib3270/options.c">
			<Option compilerVar="CC" />
		</Unit>
		<Unit filename="src/lib3270/paste.c">
			<Option compilerVar="CC" />
		</Unit>
		<Unit filename="src/lib3270/print.c">
			<Option compilerVar="CC" />
		</Unit>
		<Unit filename="src/lib3270/printer.c">
			<Option compilerVar="CC" />
		</Unit>
		<Unit filename="src/lib3270/resolver.c">
			<Option compilerVar="CC" />
		</Unit>
		<Unit filename="src/lib3270/resources.c">
			<Option compilerVar="CC" />
		</Unit>
		<Unit filename="src/lib3270/rpq.c">
			<Option compilerVar="CC" />
		</Unit>
		<Unit filename="src/lib3270/screen.c">
			<Option compilerVar="CC" />
		</Unit>
		<Unit filename="src/lib3270/see.c">
			<Option compilerVar="CC" />
		</Unit>
		<Unit filename="src/lib3270/selection.c">
			<Option compilerVar="CC" />
		</Unit>
		<Unit filename="src/lib3270/session.c">
			<Option compilerVar="CC" />
		</Unit>
		<Unit filename="src/lib3270/sf.c">
			<Option compilerVar="CC" />
		</Unit>
		<Unit filename="src/lib3270/ssl.c">
			<Option compilerVar="CC" />
		</Unit>
		<Unit filename="src/lib3270/state.c">
			<Option compilerVar="CC" />
		</Unit>
		<Unit filename="src/lib3270/telnet.c">
			<Option compilerVar="CC" />
		</Unit>
		<Unit filename="src/lib3270/toggles.c">
			<Option compilerVar="CC" />
		</Unit>
		<Unit filename="src/lib3270/trace_ds.c">
			<Option compilerVar="CC" />
		</Unit>
		<Unit filename="src/lib3270/utf8.c">
			<Option compilerVar="CC" />
		</Unit>
		<Unit filename="src/lib3270/util.c">
			<Option compilerVar="CC" />
		</Unit>
		<Unit filename="src/lib3270/windows/resources.rc.in" />
		<Extensions>
			<code_completion />
			<envvars />
			<debugger />
		</Extensions>
	</Project>
</CodeBlocks_project_file>
