<?xml version="1.0" encoding="UTF-8" standalone="yes" ?>
<CodeBlocks_project_file>
	<FileVersion major="1" minor="6" />
	<Project>
		<Option title="pw3270 openOffice" />
		<Option makefile_is_custom="1" />
		<Option pch_mode="2" />
		<Option compiler="gcc" />
		<Build>
			<Target title="Debug">
				<Option output=".bin/Debug/pw3270 LibreOffice" prefix_auto="1" extension_auto="1" />
				<Option object_output=".obj/Debug/" />
				<Option type="1" />
				<Option compiler="gcc" />
				<Compiler>
					<Add option="-g" />
				</Compiler>
			</Target>
			<Target title="Release">
				<Option output=".bin/Release/pw3270 LibreOffice" prefix_auto="1" extension_auto="1" />
				<Option object_output=".obj/Release/" />
				<Option type="1" />
				<Option compiler="gcc" />
				<Compiler>
					<Add option="-O2" />
				</Compiler>
				<Linker>
					<Add option="-s" />
				</Linker>
			</Target>
		</Build>
		<Compiler>
			<Add option="-Wall" />
		</Compiler>
		<Unit filename="../../configure.ac" />
		<Unit filename="../classlib/Makefile.in" />
		<Unit filename="../classlib/class.mak" />
		<Unit filename="../classlib/class.mak.in" />
		<Unit filename="../classlib/exception.cc" />
		<Unit filename="../classlib/local.cc" />
		<Unit filename="../classlib/remote.cc" />
		<Unit filename="../classlib/session.cc" />
		<Unit filename="../include/pw3270/class.h" />
		<Unit filename="Makefile.in" />
		<Unit filename="connect.cc" />
		<Unit filename="get.cc" />
		<Unit filename="globals.hpp" />
		<Unit filename="include/pw3270/lib3270.hdl" />
		<Unit filename="include/pw3270/lib3270.hpp" />
		<Unit filename="info.cc" />
		<Unit filename="init.cc" />
		<Unit filename="manifest.xml.in" />
		<Unit filename="pw3270.idl" />
		<Unit filename="service.cc" />
		<Unit filename="set.cc" />
		<Unit filename="testprogram.cc" />
		<Extensions>
			<code_completion />
			<envvars />
			<debugger />
			<lib_finder disable_auto="1" />
		</Extensions>
	</Project>
</CodeBlocks_project_file>
