<?xml version="1.0" encoding="UTF-8" standalone="yes" ?>
<CodeBlocks_project_file>
	<FileVersion major="1" minor="6" />
	<Project>
		<Option title="3270 terminal widget for gtk" />
		<Option makefile_is_custom="1" />
		<Option pch_mode="2" />
		<Option compiler="gcc" />
		<Build>
			<Target title="Debug">
				<Option output=".bin/Debug/3270 terminal widget for gtk" prefix_auto="1" extension_auto="1" />
				<Option object_output=".obj/Debug/" />
				<Option type="1" />
				<Option compiler="gcc" />
				<Compiler>
					<Add option="-g" />
				</Compiler>
			</Target>
			<Target title="Release">
				<Option output=".bin/Release/3270 terminal widget for gtk" prefix_auto="1" extension_auto="1" />
				<Option object_output=".obj/Release/" />
				<Option type="1" />
				<Option compiler="gcc" />
				<Compiler>
					<Add option="-O2" />
				</Compiler>
				<Linker>
					<Add option="-s" />
				</Linker>
			</Target>
		</Build>
		<Compiler>
			<Add option="-Wall" />
		</Compiler>
		<Unit filename="accessible.c">
			<Option compilerVar="CC" />
		</Unit>
		<Unit filename="accessible.h" />
		<Unit filename="draw.c">
			<Option compilerVar="CC" />
		</Unit>
		<Unit filename="hostselect.c">
			<Option compilerVar="CC" />
		</Unit>
		<Unit filename="hostselect.h" />
		<Unit filename="iocallback.c">
			<Option compilerVar="CC" />
		</Unit>
		<Unit filename="keyboard.c">
			<Option compilerVar="CC" />
		</Unit>
		<Unit filename="macros.c">
			<Option compilerVar="CC" />
		</Unit>
		<Unit filename="marshal.c">
			<Option compilerVar="CC" />
		</Unit>
		<Unit filename="marshal.h" />
		<Unit filename="mouse.c">
			<Option compilerVar="CC" />
		</Unit>
		<Unit filename="oia.c">
			<Option compilerVar="CC" />
		</Unit>
		<Unit filename="private.h" />
		<Unit filename="properties.c">
			<Option compilerVar="CC" />
		</Unit>
		<Unit filename="security.c">
			<Option compilerVar="CC" />
		</Unit>
		<Unit filename="selection.c">
			<Option compilerVar="CC" />
		</Unit>
		<Unit filename="widget.c">
			<Option compilerVar="CC" />
		</Unit>
		<Extensions>
			<code_completion />
			<envvars />
			<debugger />
			<lib_finder disable_auto="1" />
		</Extensions>
	</Project>
</CodeBlocks_project_file>
