<?xml version="1.0" encoding="UTF-8" standalone="yes" ?>
<CodeBlocks_project_file>
	<FileVersion major="1" minor="6" />
	<Project>
		<Option title="pw3270 File Transfer Dialog" />
		<Option pch_mode="2" />
		<Option compiler="gcc" />
		<Build>
			<Target title="Debug">
				<Option output=".bin/Debug/v3270ft" prefix_auto="1" extension_auto="1" />
				<Option object_output=".obj/Debug/" />
				<Option type="1" />
				<Option compiler="gcc" />
				<Compiler>
					<Add option="-g" />
					<Add option="-DDEBUG=1" />
				</Compiler>
			</Target>
			<Target title="Release">
				<Option output=".bin/Release/v3270ft" prefix_auto="1" extension_auto="1" />
				<Option object_output=".obj/Release/" />
				<Option type="1" />
				<Option compiler="gcc" />
				<Compiler>
					<Add option="-O2" />
					<Add option="-DNDEBUG=1" />
				</Compiler>
				<Linker>
					<Add option="-s" />
				</Linker>
			</Target>
		</Build>
		<Compiler>
			<Add option="-Wall" />
			<Add option="`pkg-config --cflags gtk+-3.0 lib3270`" />
			<Add directory="../../include" />
			<Add directory="../../include/pw3270" />
		</Compiler>
		<Linker>
			<Add option="`pkg-config --libs gtk+-3.0 lib3270`" />
		</Linker>
		<ExtraCommands>
			<Add before="glib-genmarshal --prefix=v3270ft --header genmarshal &gt; marshal.h" />
			<Add before="glib-genmarshal --prefix=v3270ft --body genmarshal &gt; marshal.c" />
		</ExtraCommands>
		<Unit filename="../include/v3270.h" />
		<Unit filename="../include/v3270ft.h" />
		<Unit filename="../include/v3270ftprogress.h" />
		<Unit filename="../v3270/accessible.c">
			<Option compilerVar="CC" />
		</Unit>
		<Unit filename="../v3270/accessible.h" />
		<Unit filename="../v3270/draw.c">
			<Option compilerVar="CC" />
		</Unit>
		<Unit filename="../v3270/hostselect.c">
			<Option compilerVar="CC" />
		</Unit>
		<Unit filename="../v3270/hostselect.h" />
		<Unit filename="../v3270/iocallback.c">
			<Option compilerVar="CC" />
		</Unit>
		<Unit filename="../v3270/keyboard.c">
			<Option compilerVar="CC" />
		</Unit>
		<Unit filename="../v3270/macros.c">
			<Option compilerVar="CC" />
		</Unit>
		<Unit filename="../v3270/marshal.c">
			<Option compilerVar="CC" />
		</Unit>
		<Unit filename="../v3270/marshal.h" />
		<Unit filename="../v3270/mouse.c">
			<Option compilerVar="CC" />
		</Unit>
		<Unit filename="../v3270/oia.c">
			<Option compilerVar="CC" />
		</Unit>
		<Unit filename="../v3270/private.h" />
		<Unit filename="../v3270/properties.c">
			<Option compilerVar="CC" />
		</Unit>
		<Unit filename="../v3270/security.c">
			<Option compilerVar="CC" />
		</Unit>
		<Unit filename="../v3270/selection.c">
			<Option compilerVar="CC" />
		</Unit>
		<Unit filename="../v3270/widget.c">
			<Option compilerVar="CC" />
		</Unit>
		<Unit filename="filelist.c">
			<Option compilerVar="CC" />
		</Unit>
		<Unit filename="genmarshal" />
		<Unit filename="get.c">
			<Option compilerVar="CC" />
		</Unit>
		<Unit filename="load.c">
			<Option compilerVar="CC" />
		</Unit>
		<Unit filename="marshal.c">
			<Option compilerVar="CC" />
		</Unit>
		<Unit filename="misc.c">
			<Option compilerVar="CC" />
		</Unit>
		<Unit filename="private.h" />
		<Unit filename="save.c">
			<Option compilerVar="CC" />
		</Unit>
		<Unit filename="select.c">
			<Option compilerVar="CC" />
		</Unit>
		<Unit filename="set.c">
			<Option compilerVar="CC" />
		</Unit>
		<Unit filename="tables.c">
			<Option compilerVar="CC" />
		</Unit>
		<Unit filename="testprogram.c">
			<Option compilerVar="CC" />
		</Unit>
		<Unit filename="transfer.c">
			<Option compilerVar="CC" />
		</Unit>
		<Unit filename="v3270ft.c">
			<Option compilerVar="CC" />
		</Unit>
		<Unit filename="v3270ftprogress.c">
			<Option compilerVar="CC" />
		</Unit>
		<Extensions>
			<code_completion />
			<envvars />
			<debugger />
			<lib_finder disable_auto="1" />
		</Extensions>
	</Project>
</CodeBlocks_project_file>
